// !$*UTF8*$!
{
	archiveVersion = 1;
	classes = {
	};
	objectVersion = 46;
	objects = {

/* Begin PBXBuildFile section */
		143E6E9417F528BE00FCC26C /* UIKit.framework in Frameworks */ = {isa = PBXBuildFile; fileRef = 143E6E9317F528BE00FCC26C /* UIKit.framework */; };
		143E6E9617F528BE00FCC26C /* Foundation.framework in Frameworks */ = {isa = PBXBuildFile; fileRef = 143E6E9517F528BE00FCC26C /* Foundation.framework */; };
		143E6E9817F528BE00FCC26C /* CoreGraphics.framework in Frameworks */ = {isa = PBXBuildFile; fileRef = 143E6E9717F528BE00FCC26C /* CoreGraphics.framework */; };
		143E6E9E17F528BE00FCC26C /* InfoPlist.strings in Resources */ = {isa = PBXBuildFile; fileRef = 143E6E9C17F528BE00FCC26C /* InfoPlist.strings */; };
		143E6EA017F528BE00FCC26C /* main.m in Sources */ = {isa = PBXBuildFile; fileRef = 143E6E9F17F528BE00FCC26C /* main.m */; };
		143E6EA417F528BE00FCC26C /* NextMetroAppDelegate.m in Sources */ = {isa = PBXBuildFile; fileRef = 143E6EA317F528BE00FCC26C /* NextMetroAppDelegate.m */; };
		143E6EA617F528BE00FCC26C /* Default.png in Resources */ = {isa = PBXBuildFile; fileRef = 143E6EA517F528BE00FCC26C /* Default.png */; };
		143E6EA817F528BE00FCC26C /* Default@2x.png in Resources */ = {isa = PBXBuildFile; fileRef = 143E6EA717F528BE00FCC26C /* Default@2x.png */; };
		143E6EAA17F528BE00FCC26C /* Default-568h@2x.png in Resources */ = {isa = PBXBuildFile; fileRef = 143E6EA917F528BE00FCC26C /* Default-568h@2x.png */; };
		143E6EAD17F528BE00FCC26C /* NextMetroViewController.m in Sources */ = {isa = PBXBuildFile; fileRef = 143E6EAC17F528BE00FCC26C /* NextMetroViewController.m */; };
		143E6EB017F528BE00FCC26C /* NextMetroViewController.xib in Resources */ = {isa = PBXBuildFile; fileRef = 143E6EAE17F528BE00FCC26C /* NextMetroViewController.xib */; };
		143E6EB917F528BE00FCC26C /* UIKit.framework in Frameworks */ = {isa = PBXBuildFile; fileRef = 143E6E9317F528BE00FCC26C /* UIKit.framework */; };
		143E6EBA17F528BE00FCC26C /* Foundation.framework in Frameworks */ = {isa = PBXBuildFile; fileRef = 143E6E9517F528BE00FCC26C /* Foundation.framework */; };
		143E6EC217F528BE00FCC26C /* InfoPlist.strings in Resources */ = {isa = PBXBuildFile; fileRef = 143E6EC017F528BE00FCC26C /* InfoPlist.strings */; };
		143E6EC517F528BE00FCC26C /* NextMetroSTLTests.m in Sources */ = {isa = PBXBuildFile; fileRef = 143E6EC417F528BE00FCC26C /* NextMetroSTLTests.m */; };
		143E6ED117FA73FF00FCC26C /* AudioToolbox.framework in Frameworks */ = {isa = PBXBuildFile; fileRef = 143E6ED017FA73FF00FCC26C /* AudioToolbox.framework */; };
		1452795A17FBBF7800AC912F /* CoreLocation.framework in Frameworks */ = {isa = PBXBuildFile; fileRef = 1452795917FBBF7800AC912F /* CoreLocation.framework */; };
		14770CDA1844193D00BC8E58 /* EventKit.framework in Frameworks */ = {isa = PBXBuildFile; fileRef = 14770CD8184418F300BC8E58 /* EventKit.framework */; };
		1490E7F01C5CB96300D0193D /* Images-2.xcassets in Resources */ = {isa = PBXBuildFile; fileRef = 1490E7EF1C5CB96300D0193D /* Images-2.xcassets */; };
		14A352C718596754004D149E /* NextMetroUtil.m in Sources */ = {isa = PBXBuildFile; fileRef = 14A352C618596754004D149E /* NextMetroUtil.m */; };
		14A352CC185971E8004D149E /* QuartzCore.framework in Frameworks */ = {isa = PBXBuildFile; fileRef = 14A352CB185971E8004D149E /* QuartzCore.framework */; };
		14BBD44B18334EEF00A351F4 /* CoreGraphics.framework in Frameworks */ = {isa = PBXBuildFile; fileRef = 143E6E9717F528BE00FCC26C /* CoreGraphics.framework */; };
		14BF802D212896A3006939E0 /* MainStoryboard.storyboard in Resources */ = {isa = PBXBuildFile; fileRef = 14BF802C212896A3006939E0 /* MainStoryboard.storyboard */; };
		14BFAA5C1B6F14D80071FF7F /* NextMetroUtilTests.m in Sources */ = {isa = PBXBuildFile; fileRef = 14BFAA5B1B6F14D80071FF7F /* NextMetroUtilTests.m */; };
		14BFAAF01B785C110071FF7F /* NextMetroStationViewController.m in Sources */ = {isa = PBXBuildFile; fileRef = 14BFAAEF1B785C110071FF7F /* NextMetroStationViewController.m */; };
		14BFAAF41B7866AF0071FF7F /* NextMetroStationCell.m in Sources */ = {isa = PBXBuildFile; fileRef = 14BFAAF31B7866AF0071FF7F /* NextMetroStationCell.m */; };
		14EE0700182C959C00EBA22F /* CoreLocation.framework in Frameworks */ = {isa = PBXBuildFile; fileRef = 1452795917FBBF7800AC912F /* CoreLocation.framework */; };
		14EE091A1831C50700EBA22F /* NextMetroStationStore.m in Sources */ = {isa = PBXBuildFile; fileRef = 14EE09191831C50700EBA22F /* NextMetroStationStore.m */; };
		14EE091D1831C77900EBA22F /* NextMetroStation.m in Sources */ = {isa = PBXBuildFile; fileRef = 14EE091C1831C77900EBA22F /* NextMetroStation.m */; };
		14EE09201831CAD100EBA22F /* NextMetroTrain.m in Sources */ = {isa = PBXBuildFile; fileRef = 14EE091F1831CAD100EBA22F /* NextMetroTrain.m */; };
		C05D95FA2A489CB30091F2A0 /* u_city_big_bend_metrolink__station-mf.csv in Resources */ = {isa = PBXBuildFile; fileRef = C05D95992A489CB10091F2A0 /* u_city_big_bend_metrolink__station-mf.csv */; };
		C05D95FB2A489CB30091F2A0 /* lambert_east_trml_metrolink_station-mf.csv in Resources */ = {isa = PBXBuildFile; fileRef = C05D959A2A489CB10091F2A0 /* lambert_east_trml_metrolink_station-mf.csv */; };
		C05D95FC2A489CB30091F2A0 /* delmar_loop_metrolink_station-mf.csv in Resources */ = {isa = PBXBuildFile; fileRef = C05D959B2A489CB10091F2A0 /* delmar_loop_metrolink_station-mf.csv */; };
		C05D95FD2A489CB30091F2A0 /* lambert_main_trml_metrolink_station-mf.csv in Resources */ = {isa = PBXBuildFile; fileRef = C05D959C2A489CB10091F2A0 /* lambert_main_trml_metrolink_station-mf.csv */; };
		C05D95FE2A489CB30091F2A0 /* washington_park_metrolink_station-mf.csv in Resources */ = {isa = PBXBuildFile; fileRef = C05D959D2A489CB10091F2A0 /* washington_park_metrolink_station-mf.csv */; };
		C05D95FF2A489CB30091F2A0 /* jjk_center_metrolink_station-mf.csv in Resources */ = {isa = PBXBuildFile; fileRef = C05D959E2A489CB10091F2A0 /* jjk_center_metrolink_station-mf.csv */; };
		C05D96002A489CB30091F2A0 /* umsl_south_metrolink_station-ss.csv in Resources */ = {isa = PBXBuildFile; fileRef = C05D959F2A489CB10091F2A0 /* umsl_south_metrolink_station-ss.csv */; };
		C05D96012A489CB30091F2A0 /* brentwood_metrolink_station-ss.csv in Resources */ = {isa = PBXBuildFile; fileRef = C05D95A02A489CB10091F2A0 /* brentwood_metrolink_station-ss.csv */; };
		C05D96022A489CB30091F2A0 /* skinker_metrolink_station-mf.csv in Resources */ = {isa = PBXBuildFile; fileRef = C05D95A12A489CB10091F2A0 /* skinker_metrolink_station-mf.csv */; };
		C05D96032A489CB30091F2A0 /* washington_park_metrolink_station-ss.csv in Resources */ = {isa = PBXBuildFile; fileRef = C05D95A22A489CB10091F2A0 /* washington_park_metrolink_station-ss.csv */; };
		C05D96042A489CB30091F2A0 /* stations.csv in Resources */ = {isa = PBXBuildFile; fileRef = C05D95A32A489CB10091F2A0 /* stations.csv */; };
		C05D96052A489CB30091F2A0 /* fairview_heights_metrolink_station-ss.csv in Resources */ = {isa = PBXBuildFile; fileRef = C05D95A42A489CB10091F2A0 /* fairview_heights_metrolink_station-ss.csv */; };
		C05D96062A489CB30091F2A0 /* grand_metrolink_station-ss.csv in Resources */ = {isa = PBXBuildFile; fileRef = C05D95A52A489CB10091F2A0 /* grand_metrolink_station-ss.csv */; };
		C05D96072A489CB30091F2A0 /* shrewsbury_metrolink_station-mf.csv in Resources */ = {isa = PBXBuildFile; fileRef = C05D95A62A489CB10091F2A0 /* shrewsbury_metrolink_station-mf.csv */; };
		C05D96082A489CB30091F2A0 /* shiloh-scott_metrolink_station-ss.csv in Resources */ = {isa = PBXBuildFile; fileRef = C05D95A72A489CB10091F2A0 /* shiloh-scott_metrolink_station-ss.csv */; };
		C05D96092A489CB30091F2A0 /* brentwood_i-64_metrolink_station-mf.csv in Resources */ = {isa = PBXBuildFile; fileRef = C05D95A82A489CB10091F2A0 /* brentwood_i-64_metrolink_station-mf.csv */; };
		C05D960A2A489CB30091F2A0 /* 8th_and_pine_metrolink_station-ss.csv in Resources */ = {isa = PBXBuildFile; fileRef = C05D95A92A489CB10091F2A0 /* 8th_and_pine_metrolink_station-ss.csv */; };
		C05D960B2A489CB30091F2A0 /* swansea_metrolink_station-mf.csv in Resources */ = {isa = PBXBuildFile; fileRef = C05D95AA2A489CB10091F2A0 /* swansea_metrolink_station-mf.csv */; };
		C05D960C2A489CB30091F2A0 /* maplewood-manchester_metrolink_station-ss.csv in Resources */ = {isa = PBXBuildFile; fileRef = C05D95AB2A489CB10091F2A0 /* maplewood-manchester_metrolink_station-ss.csv */; };
		C05D960D2A489CB30091F2A0 /* jjk_center_metrolink_station-ss.csv in Resources */ = {isa = PBXBuildFile; fileRef = C05D95AC2A489CB20091F2A0 /* jjk_center_metrolink_station-ss.csv */; };
		C05D960E2A489CB30091F2A0 /* 8th_and_pine_metrolink_station-mf.csv in Resources */ = {isa = PBXBuildFile; fileRef = C05D95AD2A489CB20091F2A0 /* 8th_and_pine_metrolink_station-mf.csv */; };
		C05D960F2A489CB30091F2A0 /* forest_park_debaliviere_metrolink_station-mf.csv in Resources */ = {isa = PBXBuildFile; fileRef = C05D95AE2A489CB20091F2A0 /* forest_park_debaliviere_metrolink_station-mf.csv */; };
		C05D96102A489CB30091F2A0 /* laclede's_landing_metrolink_station-ss.csv in Resources */ = {isa = PBXBuildFile; fileRef = C05D95AF2A489CB20091F2A0 /* laclede's_landing_metrolink_station-ss.csv */; };
		C05D96112A489CB30091F2A0 /* forsyth_metrolink_station-mf.csv in Resources */ = {isa = PBXBuildFile; fileRef = C05D95B02A489CB20091F2A0 /* forsyth_metrolink_station-mf.csv */; };
		C05D96122A489CB30091F2A0 /* clayton_metrolink_station-mf.csv in Resources */ = {isa = PBXBuildFile; fileRef = C05D95B12A489CB20091F2A0 /* clayton_metrolink_station-mf.csv */; };
		C05D96132A489CB30091F2A0 /* emerson_park_metrolink_station-ss.csv in Resources */ = {isa = PBXBuildFile; fileRef = C05D95B22A489CB20091F2A0 /* emerson_park_metrolink_station-ss.csv */; };
		C05D96142A489CB30091F2A0 /* lambert_airport_terminal_#2_metrolink_station-mf.csv in Resources */ = {isa = PBXBuildFile; fileRef = C05D95B32A489CB20091F2A0 /* lambert_airport_terminal_#2_metrolink_station-mf.csv */; };
		C05D96152A489CB30091F2A0 /* 5th_and_missouri_metrolink_station-mf.csv in Resources */ = {isa = PBXBuildFile; fileRef = C05D95B42A489CB20091F2A0 /* 5th_and_missouri_metrolink_station-mf.csv */; };
		C05D96162A489CB30091F2A0 /* fairview_heights_metrolink_station-mf.csv in Resources */ = {isa = PBXBuildFile; fileRef = C05D95B52A489CB20091F2A0 /* fairview_heights_metrolink_station-mf.csv */; };
		C05D96172A489CB30091F2A0 /* central_west_end_metrolink_station-mf.csv in Resources */ = {isa = PBXBuildFile; fileRef = C05D95B62A489CB20091F2A0 /* central_west_end_metrolink_station-mf.csv */; };
		C05D96182A489CB30091F2A0 /* civic_center_metrolink_station-mf.csv in Resources */ = {isa = PBXBuildFile; fileRef = C05D95B72A489CB20091F2A0 /* civic_center_metrolink_station-mf.csv */; };
		C05D96192A489CB30091F2A0 /* rock_road_metrolink_station-ss.csv in Resources */ = {isa = PBXBuildFile; fileRef = C05D95B82A489CB20091F2A0 /* rock_road_metrolink_station-ss.csv */; };
		C05D961A2A489CB30091F2A0 /* lambert_east_trml_metrolink_station-ss.csv in Resources */ = {isa = PBXBuildFile; fileRef = C05D95B92A489CB20091F2A0 /* lambert_east_trml_metrolink_station-ss.csv */; };
		C05D961B2A489CB30091F2A0 /* cortex_metrolink_station-mf.csv in Resources */ = {isa = PBXBuildFile; fileRef = C05D95BA2A489CB20091F2A0 /* cortex_metrolink_station-mf.csv */; };
		C05D961C2A489CB30091F2A0 /* swansea_metrolink_station-ss.csv in Resources */ = {isa = PBXBuildFile; fileRef = C05D95BB2A489CB20091F2A0 /* swansea_metrolink_station-ss.csv */; };
		C05D961D2A489CB30091F2A0 /* union_station_metrolink_station-ss.csv in Resources */ = {isa = PBXBuildFile; fileRef = C05D95BC2A489CB20091F2A0 /* union_station_metrolink_station-ss.csv */; };
		C05D961E2A489CB30091F2A0 /* north_hanley_metrolink_station-mf.csv in Resources */ = {isa = PBXBuildFile; fileRef = C05D95BD2A489CB20091F2A0 /* north_hanley_metrolink_station-mf.csv */; };
		C05D961F2A489CB30091F2A0 /* clayton_metrolink_station-ss.csv in Resources */ = {isa = PBXBuildFile; fileRef = C05D95BE2A489CB20091F2A0 /* clayton_metrolink_station-ss.csv */; };
		C05D96202A489CB30091F2A0 /* shrewsbury-lansdowne_i-44_metrolink_station-mf.csv in Resources */ = {isa = PBXBuildFile; fileRef = C05D95BF2A489CB20091F2A0 /* shrewsbury-lansdowne_i-44_metrolink_station-mf.csv */; };
		C05D96212A489CB30091F2A0 /* forest_park_metrolink_station-ss.csv in Resources */ = {isa = PBXBuildFile; fileRef = C05D95C02A489CB20091F2A0 /* forest_park_metrolink_station-ss.csv */; };
		C05D96222A489CB30091F2A0 /* forsyth_metrolink_station-ss.csv in Resources */ = {isa = PBXBuildFile; fileRef = C05D95C12A489CB20091F2A0 /* forsyth_metrolink_station-ss.csv */; };
		C05D96232A489CB30091F2A0 /* rock_road_metrolink_station-mf.csv in Resources */ = {isa = PBXBuildFile; fileRef = C05D95C22A489CB20091F2A0 /* rock_road_metrolink_station-mf.csv */; };
		C05D96242A489CB30091F2A0 /* brentwood_i-64_metrolink_station-ss.csv in Resources */ = {isa = PBXBuildFile; fileRef = C05D95C32A489CB20091F2A0 /* brentwood_i-64_metrolink_station-ss.csv */; };
		C05D96252A489CB30091F2A0 /* central_west_end_metrolink_station-ss.csv in Resources */ = {isa = PBXBuildFile; fileRef = C05D95C42A489CB20091F2A0 /* central_west_end_metrolink_station-ss.csv */; };
		C05D96262A489CB30091F2A0 /* lambert_airport_terminal_#1_metrolink_station-ss.csv in Resources */ = {isa = PBXBuildFile; fileRef = C05D95C52A489CB20091F2A0 /* lambert_airport_terminal_#1_metrolink_station-ss.csv */; };
		C05D96272A489CB30091F2A0 /* grand_metrolink_station-mf.csv in Resources */ = {isa = PBXBuildFile; fileRef = C05D95C62A489CB20091F2A0 /* grand_metrolink_station-mf.csv */; };
		C05D96282A489CB30091F2A0 /* civic_center_metrolink_station-ss.csv in Resources */ = {isa = PBXBuildFile; fileRef = C05D95C72A489CB20091F2A0 /* civic_center_metrolink_station-ss.csv */; };
		C05D96292A489CB30091F2A0 /* maplewood_metrolink_station-ss.csv in Resources */ = {isa = PBXBuildFile; fileRef = C05D95C82A489CB20091F2A0 /* maplewood_metrolink_station-ss.csv */; };
		C05D962A2A489CB30091F2A0 /* stadium_metrolink_station-ss.csv in Resources */ = {isa = PBXBuildFile; fileRef = C05D95C92A489CB20091F2A0 /* stadium_metrolink_station-ss.csv */; };
		C05D962B2A489CB30091F2A0 /* east_riverfront_metrolink_station-mf.csv in Resources */ = {isa = PBXBuildFile; fileRef = C05D95CA2A489CB20091F2A0 /* east_riverfront_metrolink_station-mf.csv */; };
		C05D962C2A489CB30091F2A0 /* stadium_metrolink_station-mf.csv in Resources */ = {isa = PBXBuildFile; fileRef = C05D95CB2A489CB20091F2A0 /* stadium_metrolink_station-mf.csv */; };
		C05D962D2A489CB30091F2A0 /* 5th_and_missouri_metrolink_station-ss.csv in Resources */ = {isa = PBXBuildFile; fileRef = C05D95CC2A489CB20091F2A0 /* 5th_and_missouri_metrolink_station-ss.csv */; };
		C05D962E2A489CB30091F2A0 /* union_sta_metrolink_station-mf.csv in Resources */ = {isa = PBXBuildFile; fileRef = C05D95CD2A489CB20091F2A0 /* union_sta_metrolink_station-mf.csv */; };
		C05D962F2A489CB30091F2A0 /* lacledes_landing_metrolink_station-ss.csv in Resources */ = {isa = PBXBuildFile; fileRef = C05D95CE2A489CB20091F2A0 /* lacledes_landing_metrolink_station-ss.csv */; };
		C05D96302A489CB30091F2A0 /* shrewsbury-lansdowne_i-44_metrolink_station-ss.csv in Resources */ = {isa = PBXBuildFile; fileRef = C05D95CF2A489CB20091F2A0 /* shrewsbury-lansdowne_i-44_metrolink_station-ss.csv */; };
		C05D96312A489CB30091F2A0 /* union_station_metrolink_station-mf.csv in Resources */ = {isa = PBXBuildFile; fileRef = C05D95D02A489CB20091F2A0 /* union_station_metrolink_station-mf.csv */; };
		C05D96322A489CB30091F2A0 /* maplewood-manchester_metrolink_station-mf.csv in Resources */ = {isa = PBXBuildFile; fileRef = C05D95D12A489CB20091F2A0 /* maplewood-manchester_metrolink_station-mf.csv */; };
		C05D96332A489CB30091F2A0 /* sunnen_metrolink_station-mf.csv in Resources */ = {isa = PBXBuildFile; fileRef = C05D95D22A489CB20091F2A0 /* sunnen_metrolink_station-mf.csv */; };
		C05D96342A489CB30091F2A0 /* belleville_metrolink_station-ss.csv in Resources */ = {isa = PBXBuildFile; fileRef = C05D95D32A489CB20091F2A0 /* belleville_metrolink_station-ss.csv */; };
		C05D96352A489CB30091F2A0 /* cortex_metrolink_station-ss.csv in Resources */ = {isa = PBXBuildFile; fileRef = C05D95D42A489CB20091F2A0 /* cortex_metrolink_station-ss.csv */; };
		C05D96362A489CB30091F2A0 /* delmar_metrolink_station-ss.csv in Resources */ = {isa = PBXBuildFile; fileRef = C05D95D52A489CB20091F2A0 /* delmar_metrolink_station-ss.csv */; };
		C05D96372A489CB30091F2A0 /* brentwood_metrolink_station-mf.csv in Resources */ = {isa = PBXBuildFile; fileRef = C05D95D62A489CB20091F2A0 /* brentwood_metrolink_station-mf.csv */; };
		C05D96382A489CB30091F2A0 /* delmar_loop_metrolink_station-ss.csv in Resources */ = {isa = PBXBuildFile; fileRef = C05D95D72A489CB20091F2A0 /* delmar_loop_metrolink_station-ss.csv */; };
		C05D96392A489CB30091F2A0 /* forest_park_metrolink_station-mf.csv in Resources */ = {isa = PBXBuildFile; fileRef = C05D95D82A489CB30091F2A0 /* forest_park_metrolink_station-mf.csv */; };
		C05D963A2A489CB30091F2A0 /* shiloh-scott_metrolink_station-mf.csv in Resources */ = {isa = PBXBuildFile; fileRef = C05D95D92A489CB30091F2A0 /* shiloh-scott_metrolink_station-mf.csv */; };
		C05D963B2A489CB30091F2A0 /* belleville_metrolink_station-mf.csv in Resources */ = {isa = PBXBuildFile; fileRef = C05D95DA2A489CB30091F2A0 /* belleville_metrolink_station-mf.csv */; };
		C05D963C2A489CB30091F2A0 /* richmond_heights_metrolink_station-mf.csv in Resources */ = {isa = PBXBuildFile; fileRef = C05D95DB2A489CB30091F2A0 /* richmond_heights_metrolink_station-mf.csv */; };
		C05D963D2A489CB30091F2A0 /* east_riverfront_metrolink_station-ss.csv in Resources */ = {isa = PBXBuildFile; fileRef = C05D95DC2A489CB30091F2A0 /* east_riverfront_metrolink_station-ss.csv */; };
		C05D963E2A489CB30091F2A0 /* lambert_airport_terminal_#2_metrolink_station-ss.csv in Resources */ = {isa = PBXBuildFile; fileRef = C05D95DD2A489CB30091F2A0 /* lambert_airport_terminal_#2_metrolink_station-ss.csv */; };
		C05D963F2A489CB30091F2A0 /* shrewsbury_metrolink_station-ss.csv in Resources */ = {isa = PBXBuildFile; fileRef = C05D95DE2A489CB30091F2A0 /* shrewsbury_metrolink_station-ss.csv */; };
		C05D96402A489CB30091F2A0 /* laclede's_landing_metrolink_station-mf.csv in Resources */ = {isa = PBXBuildFile; fileRef = C05D95DF2A489CB30091F2A0 /* laclede's_landing_metrolink_station-mf.csv */; };
		C05D96412A489CB30091F2A0 /* emerson_park_metrolink_station-mf.csv in Resources */ = {isa = PBXBuildFile; fileRef = C05D95E02A489CB30091F2A0 /* emerson_park_metrolink_station-mf.csv */; };
		C05D96422A489CB30091F2A0 /* university_city-big_bend_metrolink_station-mf.csv in Resources */ = {isa = PBXBuildFile; fileRef = C05D95E12A489CB30091F2A0 /* university_city-big_bend_metrolink_station-mf.csv */; };
		C05D96432A489CB30091F2A0 /* lambert_main_trml_metrolink_station-ss.csv in Resources */ = {isa = PBXBuildFile; fileRef = C05D95E22A489CB30091F2A0 /* lambert_main_trml_metrolink_station-ss.csv */; };
		C05D96442A489CB30091F2A0 /* memorial_hospital_metrolink_station-mf.csv in Resources */ = {isa = PBXBuildFile; fileRef = C05D95E32A489CB30091F2A0 /* memorial_hospital_metrolink_station-mf.csv */; };
		C05D96452A489CB30091F2A0 /* u_city_big_bend_metrolink__station-ss.csv in Resources */ = {isa = PBXBuildFile; fileRef = C05D95E42A489CB30091F2A0 /* u_city_big_bend_metrolink__station-ss.csv */; };
		C05D96462A489CB30091F2A0 /* delmar_metrolink_station-mf.csv in Resources */ = {isa = PBXBuildFile; fileRef = C05D95E52A489CB30091F2A0 /* delmar_metrolink_station-mf.csv */; };
		C05D96472A489CB30091F2A0 /* lacledes_landing_metrolink_station-mf.csv in Resources */ = {isa = PBXBuildFile; fileRef = C05D95E62A489CB30091F2A0 /* lacledes_landing_metrolink_station-mf.csv */; };
		C05D96482A489CB30091F2A0 /* umsl_north_metrolink_station-ss.csv in Resources */ = {isa = PBXBuildFile; fileRef = C05D95E72A489CB30091F2A0 /* umsl_north_metrolink_station-ss.csv */; };
		C05D96492A489CB30091F2A0 /* lambert_airport_terminal_#1_metrolink_station-mf.csv in Resources */ = {isa = PBXBuildFile; fileRef = C05D95E82A489CB30091F2A0 /* lambert_airport_terminal_#1_metrolink_station-mf.csv */; };
		C05D964A2A489CB30091F2A0 /* college_metrolink_station-ss.csv in Resources */ = {isa = PBXBuildFile; fileRef = C05D95E92A489CB30091F2A0 /* college_metrolink_station-ss.csv */; };
		C05D964B2A489CB30091F2A0 /* convention_center_metrolink_station-ss.csv in Resources */ = {isa = PBXBuildFile; fileRef = C05D95EA2A489CB30091F2A0 /* convention_center_metrolink_station-ss.csv */; };
		C05D964C2A489CB30091F2A0 /* union_sta_metrolink_station-ss.csv in Resources */ = {isa = PBXBuildFile; fileRef = C05D95EB2A489CB30091F2A0 /* union_sta_metrolink_station-ss.csv */; };
		C05D964D2A489CB30091F2A0 /* north_hanley_metrolink_station-ss.csv in Resources */ = {isa = PBXBuildFile; fileRef = C05D95EC2A489CB30091F2A0 /* north_hanley_metrolink_station-ss.csv */; };
		C05D964E2A489CB30091F2A0 /* sunnen_metrolink_station-ss.csv in Resources */ = {isa = PBXBuildFile; fileRef = C05D95ED2A489CB30091F2A0 /* sunnen_metrolink_station-ss.csv */; };
		C05D964F2A489CB30091F2A0 /* convention_center_metrolink_station-mf.csv in Resources */ = {isa = PBXBuildFile; fileRef = C05D95EE2A489CB30091F2A0 /* convention_center_metrolink_station-mf.csv */; };
		C05D96502A489CB30091F2A0 /* memorial_hospital_metrolink_station-ss.csv in Resources */ = {isa = PBXBuildFile; fileRef = C05D95EF2A489CB30091F2A0 /* memorial_hospital_metrolink_station-ss.csv */; };
		C05D96512A489CB30091F2A0 /* skinker_metrolink_station-ss.csv in Resources */ = {isa = PBXBuildFile; fileRef = C05D95F02A489CB30091F2A0 /* skinker_metrolink_station-ss.csv */; };
		C05D96522A489CB30091F2A0 /* umsl_south_metrolink_station-mf.csv in Resources */ = {isa = PBXBuildFile; fileRef = C05D95F12A489CB30091F2A0 /* umsl_south_metrolink_station-mf.csv */; };
		C05D96532A489CB30091F2A0 /* umsl_north_metrolink_station-mf.csv in Resources */ = {isa = PBXBuildFile; fileRef = C05D95F22A489CB30091F2A0 /* umsl_north_metrolink_station-mf.csv */; };
		C05D96542A489CB30091F2A0 /* maplewood_metrolink_station-mf.csv in Resources */ = {isa = PBXBuildFile; fileRef = C05D95F32A489CB30091F2A0 /* maplewood_metrolink_station-mf.csv */; };
		C05D96552A489CB30091F2A0 /* forest_park_debaliviere_metrolink_station-ss.csv in Resources */ = {isa = PBXBuildFile; fileRef = C05D95F42A489CB30091F2A0 /* forest_park_debaliviere_metrolink_station-ss.csv */; };
		C05D96562A489CB30091F2A0 /* wellston_metrolink_station-mf.csv in Resources */ = {isa = PBXBuildFile; fileRef = C05D95F52A489CB30091F2A0 /* wellston_metrolink_station-mf.csv */; };
		C05D96572A489CB30091F2A0 /* college_metrolink_station-mf.csv in Resources */ = {isa = PBXBuildFile; fileRef = C05D95F62A489CB30091F2A0 /* college_metrolink_station-mf.csv */; };
		C05D96582A489CB30091F2A0 /* richmond_heights_metrolink_station-ss.csv in Resources */ = {isa = PBXBuildFile; fileRef = C05D95F72A489CB30091F2A0 /* richmond_heights_metrolink_station-ss.csv */; };
		C05D96592A489CB30091F2A0 /* wellston_metrolink_station-ss.csv in Resources */ = {isa = PBXBuildFile; fileRef = C05D95F82A489CB30091F2A0 /* wellston_metrolink_station-ss.csv */; };
		C05D965A2A489CB30091F2A0 /* university_city-big_bend_metrolink_station-ss.csv in Resources */ = {isa = PBXBuildFile; fileRef = C05D95F92A489CB30091F2A0 /* university_city-big_bend_metrolink_station-ss.csv */; };
/* End PBXBuildFile section */

/* Begin PBXContainerItemProxy section */
		143E6EBB17F528BE00FCC26C /* PBXContainerItemProxy */ = {
			isa = PBXContainerItemProxy;
			containerPortal = 143E6E8817F528BE00FCC26C /* Project object */;
			proxyType = 1;
			remoteGlobalIDString = 143E6E8F17F528BE00FCC26C;
			remoteInfo = NextMetroSTL;
		};
/* End PBXContainerItemProxy section */

/* Begin PBXFileReference section */
		143E6E9017F528BE00FCC26C /* NextMetroSTL.app */ = {isa = PBXFileReference; explicitFileType = wrapper.application; includeInIndex = 0; path = NextMetroSTL.app; sourceTree = BUILT_PRODUCTS_DIR; };
		143E6E9317F528BE00FCC26C /* UIKit.framework */ = {isa = PBXFileReference; lastKnownFileType = wrapper.framework; name = UIKit.framework; path = System/Library/Frameworks/UIKit.framework; sourceTree = SDKROOT; };
		143E6E9517F528BE00FCC26C /* Foundation.framework */ = {isa = PBXFileReference; lastKnownFileType = wrapper.framework; name = Foundation.framework; path = System/Library/Frameworks/Foundation.framework; sourceTree = SDKROOT; };
		143E6E9717F528BE00FCC26C /* CoreGraphics.framework */ = {isa = PBXFileReference; lastKnownFileType = wrapper.framework; name = CoreGraphics.framework; path = System/Library/Frameworks/CoreGraphics.framework; sourceTree = SDKROOT; };
		143E6E9B17F528BE00FCC26C /* NextMetroSTL-Info.plist */ = {isa = PBXFileReference; lastKnownFileType = text.plist.xml; path = "NextMetroSTL-Info.plist"; sourceTree = "<group>"; };
		143E6E9D17F528BE00FCC26C /* en */ = {isa = PBXFileReference; lastKnownFileType = text.plist.strings; name = en; path = en.lproj/InfoPlist.strings; sourceTree = "<group>"; };
		143E6E9F17F528BE00FCC26C /* main.m */ = {isa = PBXFileReference; lastKnownFileType = sourcecode.c.objc; path = main.m; sourceTree = "<group>"; };
		143E6EA117F528BE00FCC26C /* NextMetroSTL-Prefix.pch */ = {isa = PBXFileReference; lastKnownFileType = sourcecode.c.h; path = "NextMetroSTL-Prefix.pch"; sourceTree = "<group>"; };
		143E6EA217F528BE00FCC26C /* NextMetroAppDelegate.h */ = {isa = PBXFileReference; lastKnownFileType = sourcecode.c.h; path = NextMetroAppDelegate.h; sourceTree = "<group>"; };
		143E6EA317F528BE00FCC26C /* NextMetroAppDelegate.m */ = {isa = PBXFileReference; lastKnownFileType = sourcecode.c.objc; path = NextMetroAppDelegate.m; sourceTree = "<group>"; };
		143E6EA517F528BE00FCC26C /* Default.png */ = {isa = PBXFileReference; lastKnownFileType = image.png; path = Default.png; sourceTree = "<group>"; };
		143E6EA717F528BE00FCC26C /* Default@2x.png */ = {isa = PBXFileReference; lastKnownFileType = image.png; path = "Default@2x.png"; sourceTree = "<group>"; };
		143E6EA917F528BE00FCC26C /* Default-568h@2x.png */ = {isa = PBXFileReference; lastKnownFileType = image.png; path = "Default-568h@2x.png"; sourceTree = "<group>"; };
		143E6EAB17F528BE00FCC26C /* NextMetroViewController.h */ = {isa = PBXFileReference; lastKnownFileType = sourcecode.c.h; path = NextMetroViewController.h; sourceTree = "<group>"; };
		143E6EAC17F528BE00FCC26C /* NextMetroViewController.m */ = {isa = PBXFileReference; lastKnownFileType = sourcecode.c.objc; path = NextMetroViewController.m; sourceTree = "<group>"; };
		143E6EAF17F528BE00FCC26C /* en */ = {isa = PBXFileReference; lastKnownFileType = file.xib; name = en; path = en.lproj/NextMetroViewController.xib; sourceTree = "<group>"; };
		143E6EB617F528BE00FCC26C /* NextMetroSTLTests.xctest */ = {isa = PBXFileReference; explicitFileType = wrapper.cfbundle; includeInIndex = 0; path = NextMetroSTLTests.xctest; sourceTree = BUILT_PRODUCTS_DIR; };
		143E6EBF17F528BE00FCC26C /* NextMetroSTLTests-Info.plist */ = {isa = PBXFileReference; lastKnownFileType = text.plist.xml; path = "NextMetroSTLTests-Info.plist"; sourceTree = "<group>"; };
		143E6EC117F528BE00FCC26C /* en */ = {isa = PBXFileReference; lastKnownFileType = text.plist.strings; name = en; path = en.lproj/InfoPlist.strings; sourceTree = "<group>"; };
		143E6EC317F528BE00FCC26C /* NextMetroSTLTests.h */ = {isa = PBXFileReference; lastKnownFileType = sourcecode.c.h; path = NextMetroSTLTests.h; sourceTree = "<group>"; };
		143E6EC417F528BE00FCC26C /* NextMetroSTLTests.m */ = {isa = PBXFileReference; lastKnownFileType = sourcecode.c.objc; path = NextMetroSTLTests.m; sourceTree = "<group>"; };
		143E6ED017FA73FF00FCC26C /* AudioToolbox.framework */ = {isa = PBXFileReference; lastKnownFileType = wrapper.framework; name = AudioToolbox.framework; path = System/Library/Frameworks/AudioToolbox.framework; sourceTree = SDKROOT; };
		1452795917FBBF7800AC912F /* CoreLocation.framework */ = {isa = PBXFileReference; lastKnownFileType = wrapper.framework; name = CoreLocation.framework; path = System/Library/Frameworks/CoreLocation.framework; sourceTree = SDKROOT; };
		14770CD8184418F300BC8E58 /* EventKit.framework */ = {isa = PBXFileReference; lastKnownFileType = wrapper.framework; name = EventKit.framework; path = System/Library/Frameworks/EventKit.framework; sourceTree = SDKROOT; };
		1490E7EF1C5CB96300D0193D /* Images-2.xcassets */ = {isa = PBXFileReference; lastKnownFileType = folder.assetcatalog; path = "Images-2.xcassets"; sourceTree = "<group>"; };
		14A352C518596754004D149E /* NextMetroUtil.h */ = {isa = PBXFileReference; fileEncoding = 4; lastKnownFileType = sourcecode.c.h; path = NextMetroUtil.h; sourceTree = "<group>"; };
		14A352C618596754004D149E /* NextMetroUtil.m */ = {isa = PBXFileReference; fileEncoding = 4; lastKnownFileType = sourcecode.c.objc; path = NextMetroUtil.m; sourceTree = "<group>"; };
		14A352CB185971E8004D149E /* QuartzCore.framework */ = {isa = PBXFileReference; lastKnownFileType = wrapper.framework; name = QuartzCore.framework; path = System/Library/Frameworks/QuartzCore.framework; sourceTree = SDKROOT; };
		14BF802C212896A3006939E0 /* MainStoryboard.storyboard */ = {isa = PBXFileReference; fileEncoding = 4; lastKnownFileType = file.storyboard; path = MainStoryboard.storyboard; sourceTree = "<group>"; };
		14BFAA5B1B6F14D80071FF7F /* NextMetroUtilTests.m */ = {isa = PBXFileReference; fileEncoding = 4; lastKnownFileType = sourcecode.c.objc; path = NextMetroUtilTests.m; sourceTree = "<group>"; };
		14BFAAEF1B785C110071FF7F /* NextMetroStationViewController.m */ = {isa = PBXFileReference; fileEncoding = 4; lastKnownFileType = sourcecode.c.objc; path = NextMetroStationViewController.m; sourceTree = "<group>"; };
		14BFAAF11B785C310071FF7F /* NextMetroStationViewController.h */ = {isa = PBXFileReference; lastKnownFileType = sourcecode.c.h; path = NextMetroStationViewController.h; sourceTree = "<group>"; };
		14BFAAF21B78663B0071FF7F /* NextMetroStationCell.h */ = {isa = PBXFileReference; lastKnownFileType = sourcecode.c.h; path = NextMetroStationCell.h; sourceTree = "<group>"; };
		14BFAAF31B7866AF0071FF7F /* NextMetroStationCell.m */ = {isa = PBXFileReference; fileEncoding = 4; lastKnownFileType = sourcecode.c.objc; path = NextMetroStationCell.m; sourceTree = "<group>"; };
		14EE09181831C50700EBA22F /* NextMetroStationStore.h */ = {isa = PBXFileReference; fileEncoding = 4; lastKnownFileType = sourcecode.c.h; path = NextMetroStationStore.h; sourceTree = "<group>"; };
		14EE09191831C50700EBA22F /* NextMetroStationStore.m */ = {isa = PBXFileReference; fileEncoding = 4; lastKnownFileType = sourcecode.c.objc; path = NextMetroStationStore.m; sourceTree = "<group>"; };
		14EE091B1831C77900EBA22F /* NextMetroStation.h */ = {isa = PBXFileReference; fileEncoding = 4; lastKnownFileType = sourcecode.c.h; path = NextMetroStation.h; sourceTree = "<group>"; };
		14EE091C1831C77900EBA22F /* NextMetroStation.m */ = {isa = PBXFileReference; fileEncoding = 4; lastKnownFileType = sourcecode.c.objc; path = NextMetroStation.m; sourceTree = "<group>"; };
		14EE091E1831CAD100EBA22F /* NextMetroTrain.h */ = {isa = PBXFileReference; fileEncoding = 4; lastKnownFileType = sourcecode.c.h; path = NextMetroTrain.h; sourceTree = "<group>"; };
		14EE091F1831CAD100EBA22F /* NextMetroTrain.m */ = {isa = PBXFileReference; fileEncoding = 4; lastKnownFileType = sourcecode.c.objc; path = NextMetroTrain.m; sourceTree = "<group>"; };
		C05D95992A489CB10091F2A0 /* u_city_big_bend_metrolink__station-mf.csv */ = {isa = PBXFileReference; fileEncoding = 4; lastKnownFileType = text; path = "u_city_big_bend_metrolink__station-mf.csv"; sourceTree = "<group>"; };
		C05D959A2A489CB10091F2A0 /* lambert_east_trml_metrolink_station-mf.csv */ = {isa = PBXFileReference; fileEncoding = 4; lastKnownFileType = text; path = "lambert_east_trml_metrolink_station-mf.csv"; sourceTree = "<group>"; };
		C05D959B2A489CB10091F2A0 /* delmar_loop_metrolink_station-mf.csv */ = {isa = PBXFileReference; fileEncoding = 4; lastKnownFileType = text; path = "delmar_loop_metrolink_station-mf.csv"; sourceTree = "<group>"; };
		C05D959C2A489CB10091F2A0 /* lambert_main_trml_metrolink_station-mf.csv */ = {isa = PBXFileReference; fileEncoding = 4; lastKnownFileType = text; path = "lambert_main_trml_metrolink_station-mf.csv"; sourceTree = "<group>"; };
		C05D959D2A489CB10091F2A0 /* washington_park_metrolink_station-mf.csv */ = {isa = PBXFileReference; fileEncoding = 4; lastKnownFileType = text; path = "washington_park_metrolink_station-mf.csv"; sourceTree = "<group>"; };
		C05D959E2A489CB10091F2A0 /* jjk_center_metrolink_station-mf.csv */ = {isa = PBXFileReference; fileEncoding = 4; lastKnownFileType = text; path = "jjk_center_metrolink_station-mf.csv"; sourceTree = "<group>"; };
		C05D959F2A489CB10091F2A0 /* umsl_south_metrolink_station-ss.csv */ = {isa = PBXFileReference; fileEncoding = 4; lastKnownFileType = text; path = "umsl_south_metrolink_station-ss.csv"; sourceTree = "<group>"; };
		C05D95A02A489CB10091F2A0 /* brentwood_metrolink_station-ss.csv */ = {isa = PBXFileReference; fileEncoding = 4; lastKnownFileType = text; path = "brentwood_metrolink_station-ss.csv"; sourceTree = "<group>"; };
		C05D95A12A489CB10091F2A0 /* skinker_metrolink_station-mf.csv */ = {isa = PBXFileReference; fileEncoding = 4; lastKnownFileType = text; path = "skinker_metrolink_station-mf.csv"; sourceTree = "<group>"; };
		C05D95A22A489CB10091F2A0 /* washington_park_metrolink_station-ss.csv */ = {isa = PBXFileReference; fileEncoding = 4; lastKnownFileType = text; path = "washington_park_metrolink_station-ss.csv"; sourceTree = "<group>"; };
		C05D95A32A489CB10091F2A0 /* stations.csv */ = {isa = PBXFileReference; fileEncoding = 4; lastKnownFileType = text; path = stations.csv; sourceTree = "<group>"; };
		C05D95A42A489CB10091F2A0 /* fairview_heights_metrolink_station-ss.csv */ = {isa = PBXFileReference; fileEncoding = 4; lastKnownFileType = text; path = "fairview_heights_metrolink_station-ss.csv"; sourceTree = "<group>"; };
		C05D95A52A489CB10091F2A0 /* grand_metrolink_station-ss.csv */ = {isa = PBXFileReference; fileEncoding = 4; lastKnownFileType = text; path = "grand_metrolink_station-ss.csv"; sourceTree = "<group>"; };
		C05D95A62A489CB10091F2A0 /* shrewsbury_metrolink_station-mf.csv */ = {isa = PBXFileReference; fileEncoding = 4; lastKnownFileType = text; path = "shrewsbury_metrolink_station-mf.csv"; sourceTree = "<group>"; };
		C05D95A72A489CB10091F2A0 /* shiloh-scott_metrolink_station-ss.csv */ = {isa = PBXFileReference; fileEncoding = 4; lastKnownFileType = text; path = "shiloh-scott_metrolink_station-ss.csv"; sourceTree = "<group>"; };
		C05D95A82A489CB10091F2A0 /* brentwood_i-64_metrolink_station-mf.csv */ = {isa = PBXFileReference; fileEncoding = 4; lastKnownFileType = text; path = "brentwood_i-64_metrolink_station-mf.csv"; sourceTree = "<group>"; };
		C05D95A92A489CB10091F2A0 /* 8th_and_pine_metrolink_station-ss.csv */ = {isa = PBXFileReference; fileEncoding = 4; lastKnownFileType = text; path = "8th_and_pine_metrolink_station-ss.csv"; sourceTree = "<group>"; };
		C05D95AA2A489CB10091F2A0 /* swansea_metrolink_station-mf.csv */ = {isa = PBXFileReference; fileEncoding = 4; lastKnownFileType = text; path = "swansea_metrolink_station-mf.csv"; sourceTree = "<group>"; };
		C05D95AB2A489CB10091F2A0 /* maplewood-manchester_metrolink_station-ss.csv */ = {isa = PBXFileReference; fileEncoding = 4; lastKnownFileType = text; path = "maplewood-manchester_metrolink_station-ss.csv"; sourceTree = "<group>"; };
		C05D95AC2A489CB20091F2A0 /* jjk_center_metrolink_station-ss.csv */ = {isa = PBXFileReference; fileEncoding = 4; lastKnownFileType = text; path = "jjk_center_metrolink_station-ss.csv"; sourceTree = "<group>"; };
		C05D95AD2A489CB20091F2A0 /* 8th_and_pine_metrolink_station-mf.csv */ = {isa = PBXFileReference; fileEncoding = 4; lastKnownFileType = text; path = "8th_and_pine_metrolink_station-mf.csv"; sourceTree = "<group>"; };
		C05D95AE2A489CB20091F2A0 /* forest_park_debaliviere_metrolink_station-mf.csv */ = {isa = PBXFileReference; fileEncoding = 4; lastKnownFileType = text; path = "forest_park_debaliviere_metrolink_station-mf.csv"; sourceTree = "<group>"; };
		C05D95AF2A489CB20091F2A0 /* laclede's_landing_metrolink_station-ss.csv */ = {isa = PBXFileReference; fileEncoding = 4; lastKnownFileType = text; path = "laclede's_landing_metrolink_station-ss.csv"; sourceTree = "<group>"; };
		C05D95B02A489CB20091F2A0 /* forsyth_metrolink_station-mf.csv */ = {isa = PBXFileReference; fileEncoding = 4; lastKnownFileType = text; path = "forsyth_metrolink_station-mf.csv"; sourceTree = "<group>"; };
		C05D95B12A489CB20091F2A0 /* clayton_metrolink_station-mf.csv */ = {isa = PBXFileReference; fileEncoding = 4; lastKnownFileType = text; path = "clayton_metrolink_station-mf.csv"; sourceTree = "<group>"; };
		C05D95B22A489CB20091F2A0 /* emerson_park_metrolink_station-ss.csv */ = {isa = PBXFileReference; fileEncoding = 4; lastKnownFileType = text; path = "emerson_park_metrolink_station-ss.csv"; sourceTree = "<group>"; };
		C05D95B32A489CB20091F2A0 /* lambert_airport_terminal_#2_metrolink_station-mf.csv */ = {isa = PBXFileReference; fileEncoding = 4; lastKnownFileType = text; path = "lambert_airport_terminal_#2_metrolink_station-mf.csv"; sourceTree = "<group>"; };
		C05D95B42A489CB20091F2A0 /* 5th_and_missouri_metrolink_station-mf.csv */ = {isa = PBXFileReference; fileEncoding = 4; lastKnownFileType = text; path = "5th_and_missouri_metrolink_station-mf.csv"; sourceTree = "<group>"; };
		C05D95B52A489CB20091F2A0 /* fairview_heights_metrolink_station-mf.csv */ = {isa = PBXFileReference; fileEncoding = 4; lastKnownFileType = text; path = "fairview_heights_metrolink_station-mf.csv"; sourceTree = "<group>"; };
		C05D95B62A489CB20091F2A0 /* central_west_end_metrolink_station-mf.csv */ = {isa = PBXFileReference; fileEncoding = 4; lastKnownFileType = text; path = "central_west_end_metrolink_station-mf.csv"; sourceTree = "<group>"; };
		C05D95B72A489CB20091F2A0 /* civic_center_metrolink_station-mf.csv */ = {isa = PBXFileReference; fileEncoding = 4; lastKnownFileType = text; path = "civic_center_metrolink_station-mf.csv"; sourceTree = "<group>"; };
		C05D95B82A489CB20091F2A0 /* rock_road_metrolink_station-ss.csv */ = {isa = PBXFileReference; fileEncoding = 4; lastKnownFileType = text; path = "rock_road_metrolink_station-ss.csv"; sourceTree = "<group>"; };
		C05D95B92A489CB20091F2A0 /* lambert_east_trml_metrolink_station-ss.csv */ = {isa = PBXFileReference; fileEncoding = 4; lastKnownFileType = text; path = "lambert_east_trml_metrolink_station-ss.csv"; sourceTree = "<group>"; };
		C05D95BA2A489CB20091F2A0 /* cortex_metrolink_station-mf.csv */ = {isa = PBXFileReference; fileEncoding = 4; lastKnownFileType = text; path = "cortex_metrolink_station-mf.csv"; sourceTree = "<group>"; };
		C05D95BB2A489CB20091F2A0 /* swansea_metrolink_station-ss.csv */ = {isa = PBXFileReference; fileEncoding = 4; lastKnownFileType = text; path = "swansea_metrolink_station-ss.csv"; sourceTree = "<group>"; };
		C05D95BC2A489CB20091F2A0 /* union_station_metrolink_station-ss.csv */ = {isa = PBXFileReference; fileEncoding = 4; lastKnownFileType = text; path = "union_station_metrolink_station-ss.csv"; sourceTree = "<group>"; };
		C05D95BD2A489CB20091F2A0 /* north_hanley_metrolink_station-mf.csv */ = {isa = PBXFileReference; fileEncoding = 4; lastKnownFileType = text; path = "north_hanley_metrolink_station-mf.csv"; sourceTree = "<group>"; };
		C05D95BE2A489CB20091F2A0 /* clayton_metrolink_station-ss.csv */ = {isa = PBXFileReference; fileEncoding = 4; lastKnownFileType = text; path = "clayton_metrolink_station-ss.csv"; sourceTree = "<group>"; };
		C05D95BF2A489CB20091F2A0 /* shrewsbury-lansdowne_i-44_metrolink_station-mf.csv */ = {isa = PBXFileReference; fileEncoding = 4; lastKnownFileType = text; path = "shrewsbury-lansdowne_i-44_metrolink_station-mf.csv"; sourceTree = "<group>"; };
		C05D95C02A489CB20091F2A0 /* forest_park_metrolink_station-ss.csv */ = {isa = PBXFileReference; fileEncoding = 4; lastKnownFileType = text; path = "forest_park_metrolink_station-ss.csv"; sourceTree = "<group>"; };
		C05D95C12A489CB20091F2A0 /* forsyth_metrolink_station-ss.csv */ = {isa = PBXFileReference; fileEncoding = 4; lastKnownFileType = text; path = "forsyth_metrolink_station-ss.csv"; sourceTree = "<group>"; };
		C05D95C22A489CB20091F2A0 /* rock_road_metrolink_station-mf.csv */ = {isa = PBXFileReference; fileEncoding = 4; lastKnownFileType = text; path = "rock_road_metrolink_station-mf.csv"; sourceTree = "<group>"; };
		C05D95C32A489CB20091F2A0 /* brentwood_i-64_metrolink_station-ss.csv */ = {isa = PBXFileReference; fileEncoding = 4; lastKnownFileType = text; path = "brentwood_i-64_metrolink_station-ss.csv"; sourceTree = "<group>"; };
		C05D95C42A489CB20091F2A0 /* central_west_end_metrolink_station-ss.csv */ = {isa = PBXFileReference; fileEncoding = 4; lastKnownFileType = text; path = "central_west_end_metrolink_station-ss.csv"; sourceTree = "<group>"; };
		C05D95C52A489CB20091F2A0 /* lambert_airport_terminal_#1_metrolink_station-ss.csv */ = {isa = PBXFileReference; fileEncoding = 4; lastKnownFileType = text; path = "lambert_airport_terminal_#1_metrolink_station-ss.csv"; sourceTree = "<group>"; };
		C05D95C62A489CB20091F2A0 /* grand_metrolink_station-mf.csv */ = {isa = PBXFileReference; fileEncoding = 4; lastKnownFileType = text; path = "grand_metrolink_station-mf.csv"; sourceTree = "<group>"; };
		C05D95C72A489CB20091F2A0 /* civic_center_metrolink_station-ss.csv */ = {isa = PBXFileReference; fileEncoding = 4; lastKnownFileType = text; path = "civic_center_metrolink_station-ss.csv"; sourceTree = "<group>"; };
		C05D95C82A489CB20091F2A0 /* maplewood_metrolink_station-ss.csv */ = {isa = PBXFileReference; fileEncoding = 4; lastKnownFileType = text; path = "maplewood_metrolink_station-ss.csv"; sourceTree = "<group>"; };
		C05D95C92A489CB20091F2A0 /* stadium_metrolink_station-ss.csv */ = {isa = PBXFileReference; fileEncoding = 4; lastKnownFileType = text; path = "stadium_metrolink_station-ss.csv"; sourceTree = "<group>"; };
		C05D95CA2A489CB20091F2A0 /* east_riverfront_metrolink_station-mf.csv */ = {isa = PBXFileReference; fileEncoding = 4; lastKnownFileType = text; path = "east_riverfront_metrolink_station-mf.csv"; sourceTree = "<group>"; };
		C05D95CB2A489CB20091F2A0 /* stadium_metrolink_station-mf.csv */ = {isa = PBXFileReference; fileEncoding = 4; lastKnownFileType = text; path = "stadium_metrolink_station-mf.csv"; sourceTree = "<group>"; };
		C05D95CC2A489CB20091F2A0 /* 5th_and_missouri_metrolink_station-ss.csv */ = {isa = PBXFileReference; fileEncoding = 4; lastKnownFileType = text; path = "5th_and_missouri_metrolink_station-ss.csv"; sourceTree = "<group>"; };
		C05D95CD2A489CB20091F2A0 /* union_sta_metrolink_station-mf.csv */ = {isa = PBXFileReference; fileEncoding = 4; lastKnownFileType = text; path = "union_sta_metrolink_station-mf.csv"; sourceTree = "<group>"; };
		C05D95CE2A489CB20091F2A0 /* lacledes_landing_metrolink_station-ss.csv */ = {isa = PBXFileReference; fileEncoding = 4; lastKnownFileType = text; path = "lacledes_landing_metrolink_station-ss.csv"; sourceTree = "<group>"; };
		C05D95CF2A489CB20091F2A0 /* shrewsbury-lansdowne_i-44_metrolink_station-ss.csv */ = {isa = PBXFileReference; fileEncoding = 4; lastKnownFileType = text; path = "shrewsbury-lansdowne_i-44_metrolink_station-ss.csv"; sourceTree = "<group>"; };
		C05D95D02A489CB20091F2A0 /* union_station_metrolink_station-mf.csv */ = {isa = PBXFileReference; fileEncoding = 4; lastKnownFileType = text; path = "union_station_metrolink_station-mf.csv"; sourceTree = "<group>"; };
		C05D95D12A489CB20091F2A0 /* maplewood-manchester_metrolink_station-mf.csv */ = {isa = PBXFileReference; fileEncoding = 4; lastKnownFileType = text; path = "maplewood-manchester_metrolink_station-mf.csv"; sourceTree = "<group>"; };
		C05D95D22A489CB20091F2A0 /* sunnen_metrolink_station-mf.csv */ = {isa = PBXFileReference; fileEncoding = 4; lastKnownFileType = text; path = "sunnen_metrolink_station-mf.csv"; sourceTree = "<group>"; };
		C05D95D32A489CB20091F2A0 /* belleville_metrolink_station-ss.csv */ = {isa = PBXFileReference; fileEncoding = 4; lastKnownFileType = text; path = "belleville_metrolink_station-ss.csv"; sourceTree = "<group>"; };
		C05D95D42A489CB20091F2A0 /* cortex_metrolink_station-ss.csv */ = {isa = PBXFileReference; fileEncoding = 4; lastKnownFileType = text; path = "cortex_metrolink_station-ss.csv"; sourceTree = "<group>"; };
		C05D95D52A489CB20091F2A0 /* delmar_metrolink_station-ss.csv */ = {isa = PBXFileReference; fileEncoding = 4; lastKnownFileType = text; path = "delmar_metrolink_station-ss.csv"; sourceTree = "<group>"; };
		C05D95D62A489CB20091F2A0 /* brentwood_metrolink_station-mf.csv */ = {isa = PBXFileReference; fileEncoding = 4; lastKnownFileType = text; path = "brentwood_metrolink_station-mf.csv"; sourceTree = "<group>"; };
		C05D95D72A489CB20091F2A0 /* delmar_loop_metrolink_station-ss.csv */ = {isa = PBXFileReference; fileEncoding = 4; lastKnownFileType = text; path = "delmar_loop_metrolink_station-ss.csv"; sourceTree = "<group>"; };
		C05D95D82A489CB30091F2A0 /* forest_park_metrolink_station-mf.csv */ = {isa = PBXFileReference; fileEncoding = 4; lastKnownFileType = text; path = "forest_park_metrolink_station-mf.csv"; sourceTree = "<group>"; };
		C05D95D92A489CB30091F2A0 /* shiloh-scott_metrolink_station-mf.csv */ = {isa = PBXFileReference; fileEncoding = 4; lastKnownFileType = text; path = "shiloh-scott_metrolink_station-mf.csv"; sourceTree = "<group>"; };
		C05D95DA2A489CB30091F2A0 /* belleville_metrolink_station-mf.csv */ = {isa = PBXFileReference; fileEncoding = 4; lastKnownFileType = text; path = "belleville_metrolink_station-mf.csv"; sourceTree = "<group>"; };
		C05D95DB2A489CB30091F2A0 /* richmond_heights_metrolink_station-mf.csv */ = {isa = PBXFileReference; fileEncoding = 4; lastKnownFileType = text; path = "richmond_heights_metrolink_station-mf.csv"; sourceTree = "<group>"; };
		C05D95DC2A489CB30091F2A0 /* east_riverfront_metrolink_station-ss.csv */ = {isa = PBXFileReference; fileEncoding = 4; lastKnownFileType = text; path = "east_riverfront_metrolink_station-ss.csv"; sourceTree = "<group>"; };
		C05D95DD2A489CB30091F2A0 /* lambert_airport_terminal_#2_metrolink_station-ss.csv */ = {isa = PBXFileReference; fileEncoding = 4; lastKnownFileType = text; path = "lambert_airport_terminal_#2_metrolink_station-ss.csv"; sourceTree = "<group>"; };
		C05D95DE2A489CB30091F2A0 /* shrewsbury_metrolink_station-ss.csv */ = {isa = PBXFileReference; fileEncoding = 4; lastKnownFileType = text; path = "shrewsbury_metrolink_station-ss.csv"; sourceTree = "<group>"; };
		C05D95DF2A489CB30091F2A0 /* laclede's_landing_metrolink_station-mf.csv */ = {isa = PBXFileReference; fileEncoding = 4; lastKnownFileType = text; path = "laclede's_landing_metrolink_station-mf.csv"; sourceTree = "<group>"; };
		C05D95E02A489CB30091F2A0 /* emerson_park_metrolink_station-mf.csv */ = {isa = PBXFileReference; fileEncoding = 4; lastKnownFileType = text; path = "emerson_park_metrolink_station-mf.csv"; sourceTree = "<group>"; };
		C05D95E12A489CB30091F2A0 /* university_city-big_bend_metrolink_station-mf.csv */ = {isa = PBXFileReference; fileEncoding = 4; lastKnownFileType = text; path = "university_city-big_bend_metrolink_station-mf.csv"; sourceTree = "<group>"; };
		C05D95E22A489CB30091F2A0 /* lambert_main_trml_metrolink_station-ss.csv */ = {isa = PBXFileReference; fileEncoding = 4; lastKnownFileType = text; path = "lambert_main_trml_metrolink_station-ss.csv"; sourceTree = "<group>"; };
		C05D95E32A489CB30091F2A0 /* memorial_hospital_metrolink_station-mf.csv */ = {isa = PBXFileReference; fileEncoding = 4; lastKnownFileType = text; path = "memorial_hospital_metrolink_station-mf.csv"; sourceTree = "<group>"; };
		C05D95E42A489CB30091F2A0 /* u_city_big_bend_metrolink__station-ss.csv */ = {isa = PBXFileReference; fileEncoding = 4; lastKnownFileType = text; path = "u_city_big_bend_metrolink__station-ss.csv"; sourceTree = "<group>"; };
		C05D95E52A489CB30091F2A0 /* delmar_metrolink_station-mf.csv */ = {isa = PBXFileReference; fileEncoding = 4; lastKnownFileType = text; path = "delmar_metrolink_station-mf.csv"; sourceTree = "<group>"; };
		C05D95E62A489CB30091F2A0 /* lacledes_landing_metrolink_station-mf.csv */ = {isa = PBXFileReference; fileEncoding = 4; lastKnownFileType = text; path = "lacledes_landing_metrolink_station-mf.csv"; sourceTree = "<group>"; };
		C05D95E72A489CB30091F2A0 /* umsl_north_metrolink_station-ss.csv */ = {isa = PBXFileReference; fileEncoding = 4; lastKnownFileType = text; path = "umsl_north_metrolink_station-ss.csv"; sourceTree = "<group>"; };
		C05D95E82A489CB30091F2A0 /* lambert_airport_terminal_#1_metrolink_station-mf.csv */ = {isa = PBXFileReference; fileEncoding = 4; lastKnownFileType = text; path = "lambert_airport_terminal_#1_metrolink_station-mf.csv"; sourceTree = "<group>"; };
		C05D95E92A489CB30091F2A0 /* college_metrolink_station-ss.csv */ = {isa = PBXFileReference; fileEncoding = 4; lastKnownFileType = text; path = "college_metrolink_station-ss.csv"; sourceTree = "<group>"; };
		C05D95EA2A489CB30091F2A0 /* convention_center_metrolink_station-ss.csv */ = {isa = PBXFileReference; fileEncoding = 4; lastKnownFileType = text; path = "convention_center_metrolink_station-ss.csv"; sourceTree = "<group>"; };
		C05D95EB2A489CB30091F2A0 /* union_sta_metrolink_station-ss.csv */ = {isa = PBXFileReference; fileEncoding = 4; lastKnownFileType = text; path = "union_sta_metrolink_station-ss.csv"; sourceTree = "<group>"; };
		C05D95EC2A489CB30091F2A0 /* north_hanley_metrolink_station-ss.csv */ = {isa = PBXFileReference; fileEncoding = 4; lastKnownFileType = text; path = "north_hanley_metrolink_station-ss.csv"; sourceTree = "<group>"; };
		C05D95ED2A489CB30091F2A0 /* sunnen_metrolink_station-ss.csv */ = {isa = PBXFileReference; fileEncoding = 4; lastKnownFileType = text; path = "sunnen_metrolink_station-ss.csv"; sourceTree = "<group>"; };
		C05D95EE2A489CB30091F2A0 /* convention_center_metrolink_station-mf.csv */ = {isa = PBXFileReference; fileEncoding = 4; lastKnownFileType = text; path = "convention_center_metrolink_station-mf.csv"; sourceTree = "<group>"; };
		C05D95EF2A489CB30091F2A0 /* memorial_hospital_metrolink_station-ss.csv */ = {isa = PBXFileReference; fileEncoding = 4; lastKnownFileType = text; path = "memorial_hospital_metrolink_station-ss.csv"; sourceTree = "<group>"; };
		C05D95F02A489CB30091F2A0 /* skinker_metrolink_station-ss.csv */ = {isa = PBXFileReference; fileEncoding = 4; lastKnownFileType = text; path = "skinker_metrolink_station-ss.csv"; sourceTree = "<group>"; };
		C05D95F12A489CB30091F2A0 /* umsl_south_metrolink_station-mf.csv */ = {isa = PBXFileReference; fileEncoding = 4; lastKnownFileType = text; path = "umsl_south_metrolink_station-mf.csv"; sourceTree = "<group>"; };
		C05D95F22A489CB30091F2A0 /* umsl_north_metrolink_station-mf.csv */ = {isa = PBXFileReference; fileEncoding = 4; lastKnownFileType = text; path = "umsl_north_metrolink_station-mf.csv"; sourceTree = "<group>"; };
		C05D95F32A489CB30091F2A0 /* maplewood_metrolink_station-mf.csv */ = {isa = PBXFileReference; fileEncoding = 4; lastKnownFileType = text; path = "maplewood_metrolink_station-mf.csv"; sourceTree = "<group>"; };
		C05D95F42A489CB30091F2A0 /* forest_park_debaliviere_metrolink_station-ss.csv */ = {isa = PBXFileReference; fileEncoding = 4; lastKnownFileType = text; path = "forest_park_debaliviere_metrolink_station-ss.csv"; sourceTree = "<group>"; };
		C05D95F52A489CB30091F2A0 /* wellston_metrolink_station-mf.csv */ = {isa = PBXFileReference; fileEncoding = 4; lastKnownFileType = text; path = "wellston_metrolink_station-mf.csv"; sourceTree = "<group>"; };
		C05D95F62A489CB30091F2A0 /* college_metrolink_station-mf.csv */ = {isa = PBXFileReference; fileEncoding = 4; lastKnownFileType = text; path = "college_metrolink_station-mf.csv"; sourceTree = "<group>"; };
		C05D95F72A489CB30091F2A0 /* richmond_heights_metrolink_station-ss.csv */ = {isa = PBXFileReference; fileEncoding = 4; lastKnownFileType = text; path = "richmond_heights_metrolink_station-ss.csv"; sourceTree = "<group>"; };
		C05D95F82A489CB30091F2A0 /* wellston_metrolink_station-ss.csv */ = {isa = PBXFileReference; fileEncoding = 4; lastKnownFileType = text; path = "wellston_metrolink_station-ss.csv"; sourceTree = "<group>"; };
		C05D95F92A489CB30091F2A0 /* university_city-big_bend_metrolink_station-ss.csv */ = {isa = PBXFileReference; fileEncoding = 4; lastKnownFileType = text; path = "university_city-big_bend_metrolink_station-ss.csv"; sourceTree = "<group>"; };
/* End PBXFileReference section */

/* Begin PBXFrameworksBuildPhase section */
		143E6E8D17F528BE00FCC26C /* Frameworks */ = {
			isa = PBXFrameworksBuildPhase;
			buildActionMask = 2147483647;
			files = (
				14A352CC185971E8004D149E /* QuartzCore.framework in Frameworks */,
				14770CDA1844193D00BC8E58 /* EventKit.framework in Frameworks */,
				1452795A17FBBF7800AC912F /* CoreLocation.framework in Frameworks */,
				143E6ED117FA73FF00FCC26C /* AudioToolbox.framework in Frameworks */,
				143E6E9417F528BE00FCC26C /* UIKit.framework in Frameworks */,
				143E6E9617F528BE00FCC26C /* Foundation.framework in Frameworks */,
				143E6E9817F528BE00FCC26C /* CoreGraphics.framework in Frameworks */,
			);
			runOnlyForDeploymentPostprocessing = 0;
		};
		143E6EB217F528BE00FCC26C /* Frameworks */ = {
			isa = PBXFrameworksBuildPhase;
			buildActionMask = 2147483647;
			files = (
				14BBD44B18334EEF00A351F4 /* CoreGraphics.framework in Frameworks */,
				14EE0700182C959C00EBA22F /* CoreLocation.framework in Frameworks */,
				143E6EB917F528BE00FCC26C /* UIKit.framework in Frameworks */,
				143E6EBA17F528BE00FCC26C /* Foundation.framework in Frameworks */,
			);
			runOnlyForDeploymentPostprocessing = 0;
		};
/* End PBXFrameworksBuildPhase section */

/* Begin PBXGroup section */
		143E6E8717F528BE00FCC26C = {
			isa = PBXGroup;
			children = (
				14770CD8184418F300BC8E58 /* EventKit.framework */,
				1452795917FBBF7800AC912F /* CoreLocation.framework */,
				143E6ED017FA73FF00FCC26C /* AudioToolbox.framework */,
				143E6E9917F528BE00FCC26C /* NextMetroSTL */,
				143E6EBD17F528BE00FCC26C /* NextMetroSTLTests */,
				143E6E9217F528BE00FCC26C /* Frameworks */,
				143E6E9117F528BE00FCC26C /* Products */,
			);
			sourceTree = "<group>";
		};
		143E6E9117F528BE00FCC26C /* Products */ = {
			isa = PBXGroup;
			children = (
				143E6E9017F528BE00FCC26C /* NextMetroSTL.app */,
				143E6EB617F528BE00FCC26C /* NextMetroSTLTests.xctest */,
			);
			name = Products;
			sourceTree = "<group>";
		};
		143E6E9217F528BE00FCC26C /* Frameworks */ = {
			isa = PBXGroup;
			children = (
				14A352CB185971E8004D149E /* QuartzCore.framework */,
				143E6E9317F528BE00FCC26C /* UIKit.framework */,
				143E6E9517F528BE00FCC26C /* Foundation.framework */,
				143E6E9717F528BE00FCC26C /* CoreGraphics.framework */,
			);
			name = Frameworks;
			sourceTree = "<group>";
		};
		143E6E9917F528BE00FCC26C /* NextMetroSTL */ = {
			isa = PBXGroup;
			children = (
				14BF802C212896A3006939E0 /* MainStoryboard.storyboard */,
				143E6EA217F528BE00FCC26C /* NextMetroAppDelegate.h */,
				143E6EA317F528BE00FCC26C /* NextMetroAppDelegate.m */,
				14BFAAF11B785C310071FF7F /* NextMetroStationViewController.h */,
				14BFAAEF1B785C110071FF7F /* NextMetroStationViewController.m */,
				14BFAAF21B78663B0071FF7F /* NextMetroStationCell.h */,
				14BFAAF31B7866AF0071FF7F /* NextMetroStationCell.m */,
				143E6EAB17F528BE00FCC26C /* NextMetroViewController.h */,
				143E6EAC17F528BE00FCC26C /* NextMetroViewController.m */,
				143E6EAE17F528BE00FCC26C /* NextMetroViewController.xib */,
				143E6E9A17F528BE00FCC26C /* Supporting Files */,
				14EE09181831C50700EBA22F /* NextMetroStationStore.h */,
				14EE09191831C50700EBA22F /* NextMetroStationStore.m */,
				14EE091B1831C77900EBA22F /* NextMetroStation.h */,
				14EE091C1831C77900EBA22F /* NextMetroStation.m */,
				14EE091E1831CAD100EBA22F /* NextMetroTrain.h */,
				14EE091F1831CAD100EBA22F /* NextMetroTrain.m */,
				14A352C518596754004D149E /* NextMetroUtil.h */,
				14A352C618596754004D149E /* NextMetroUtil.m */,
				1490E7EF1C5CB96300D0193D /* Images-2.xcassets */,
			);
			path = NextMetroSTL;
			sourceTree = "<group>";
		};
		143E6E9A17F528BE00FCC26C /* Supporting Files */ = {
			isa = PBXGroup;
			children = (
				C05D95B42A489CB20091F2A0 /* 5th_and_missouri_metrolink_station-mf.csv */,
				C05D95CC2A489CB20091F2A0 /* 5th_and_missouri_metrolink_station-ss.csv */,
				C05D95AD2A489CB20091F2A0 /* 8th_and_pine_metrolink_station-mf.csv */,
				C05D95A92A489CB10091F2A0 /* 8th_and_pine_metrolink_station-ss.csv */,
				C05D95DA2A489CB30091F2A0 /* belleville_metrolink_station-mf.csv */,
				C05D95D32A489CB20091F2A0 /* belleville_metrolink_station-ss.csv */,
				C05D95A82A489CB10091F2A0 /* brentwood_i-64_metrolink_station-mf.csv */,
				C05D95C32A489CB20091F2A0 /* brentwood_i-64_metrolink_station-ss.csv */,
				C05D95D62A489CB20091F2A0 /* brentwood_metrolink_station-mf.csv */,
				C05D95A02A489CB10091F2A0 /* brentwood_metrolink_station-ss.csv */,
				C05D95B62A489CB20091F2A0 /* central_west_end_metrolink_station-mf.csv */,
				C05D95C42A489CB20091F2A0 /* central_west_end_metrolink_station-ss.csv */,
				C05D95B72A489CB20091F2A0 /* civic_center_metrolink_station-mf.csv */,
				C05D95C72A489CB20091F2A0 /* civic_center_metrolink_station-ss.csv */,
				C05D95B12A489CB20091F2A0 /* clayton_metrolink_station-mf.csv */,
				C05D95BE2A489CB20091F2A0 /* clayton_metrolink_station-ss.csv */,
				C05D95F62A489CB30091F2A0 /* college_metrolink_station-mf.csv */,
				C05D95E92A489CB30091F2A0 /* college_metrolink_station-ss.csv */,
				C05D95EE2A489CB30091F2A0 /* convention_center_metrolink_station-mf.csv */,
				C05D95EA2A489CB30091F2A0 /* convention_center_metrolink_station-ss.csv */,
				C05D95BA2A489CB20091F2A0 /* cortex_metrolink_station-mf.csv */,
				C05D95D42A489CB20091F2A0 /* cortex_metrolink_station-ss.csv */,
				C05D959B2A489CB10091F2A0 /* delmar_loop_metrolink_station-mf.csv */,
				C05D95D72A489CB20091F2A0 /* delmar_loop_metrolink_station-ss.csv */,
				C05D95E52A489CB30091F2A0 /* delmar_metrolink_station-mf.csv */,
				C05D95D52A489CB20091F2A0 /* delmar_metrolink_station-ss.csv */,
				C05D95CA2A489CB20091F2A0 /* east_riverfront_metrolink_station-mf.csv */,
				C05D95DC2A489CB30091F2A0 /* east_riverfront_metrolink_station-ss.csv */,
				C05D95E02A489CB30091F2A0 /* emerson_park_metrolink_station-mf.csv */,
				C05D95B22A489CB20091F2A0 /* emerson_park_metrolink_station-ss.csv */,
				C05D95B52A489CB20091F2A0 /* fairview_heights_metrolink_station-mf.csv */,
				C05D95A42A489CB10091F2A0 /* fairview_heights_metrolink_station-ss.csv */,
				C05D95AE2A489CB20091F2A0 /* forest_park_debaliviere_metrolink_station-mf.csv */,
				C05D95F42A489CB30091F2A0 /* forest_park_debaliviere_metrolink_station-ss.csv */,
				C05D95D82A489CB30091F2A0 /* forest_park_metrolink_station-mf.csv */,
				C05D95C02A489CB20091F2A0 /* forest_park_metrolink_station-ss.csv */,
				C05D95B02A489CB20091F2A0 /* forsyth_metrolink_station-mf.csv */,
				C05D95C12A489CB20091F2A0 /* forsyth_metrolink_station-ss.csv */,
				C05D95C62A489CB20091F2A0 /* grand_metrolink_station-mf.csv */,
				C05D95A52A489CB10091F2A0 /* grand_metrolink_station-ss.csv */,
				C05D959E2A489CB10091F2A0 /* jjk_center_metrolink_station-mf.csv */,
				C05D95AC2A489CB20091F2A0 /* jjk_center_metrolink_station-ss.csv */,
				C05D95DF2A489CB30091F2A0 /* laclede's_landing_metrolink_station-mf.csv */,
				C05D95AF2A489CB20091F2A0 /* laclede's_landing_metrolink_station-ss.csv */,
				C05D95E62A489CB30091F2A0 /* lacledes_landing_metrolink_station-mf.csv */,
				C05D95CE2A489CB20091F2A0 /* lacledes_landing_metrolink_station-ss.csv */,
				C05D95E82A489CB30091F2A0 /* lambert_airport_terminal_#1_metrolink_station-mf.csv */,
				C05D95C52A489CB20091F2A0 /* lambert_airport_terminal_#1_metrolink_station-ss.csv */,
				C05D95B32A489CB20091F2A0 /* lambert_airport_terminal_#2_metrolink_station-mf.csv */,
				C05D95DD2A489CB30091F2A0 /* lambert_airport_terminal_#2_metrolink_station-ss.csv */,
				C05D959A2A489CB10091F2A0 /* lambert_east_trml_metrolink_station-mf.csv */,
				C05D95B92A489CB20091F2A0 /* lambert_east_trml_metrolink_station-ss.csv */,
				C05D959C2A489CB10091F2A0 /* lambert_main_trml_metrolink_station-mf.csv */,
				C05D95E22A489CB30091F2A0 /* lambert_main_trml_metrolink_station-ss.csv */,
				C05D95F32A489CB30091F2A0 /* maplewood_metrolink_station-mf.csv */,
				C05D95C82A489CB20091F2A0 /* maplewood_metrolink_station-ss.csv */,
				C05D95D12A489CB20091F2A0 /* maplewood-manchester_metrolink_station-mf.csv */,
				C05D95AB2A489CB10091F2A0 /* maplewood-manchester_metrolink_station-ss.csv */,
				C05D95E32A489CB30091F2A0 /* memorial_hospital_metrolink_station-mf.csv */,
				C05D95EF2A489CB30091F2A0 /* memorial_hospital_metrolink_station-ss.csv */,
				C05D95BD2A489CB20091F2A0 /* north_hanley_metrolink_station-mf.csv */,
				C05D95EC2A489CB30091F2A0 /* north_hanley_metrolink_station-ss.csv */,
				C05D95DB2A489CB30091F2A0 /* richmond_heights_metrolink_station-mf.csv */,
				C05D95F72A489CB30091F2A0 /* richmond_heights_metrolink_station-ss.csv */,
				C05D95C22A489CB20091F2A0 /* rock_road_metrolink_station-mf.csv */,
				C05D95B82A489CB20091F2A0 /* rock_road_metrolink_station-ss.csv */,
				C05D95D92A489CB30091F2A0 /* shiloh-scott_metrolink_station-mf.csv */,
				C05D95A72A489CB10091F2A0 /* shiloh-scott_metrolink_station-ss.csv */,
				C05D95A62A489CB10091F2A0 /* shrewsbury_metrolink_station-mf.csv */,
				C05D95DE2A489CB30091F2A0 /* shrewsbury_metrolink_station-ss.csv */,
				C05D95BF2A489CB20091F2A0 /* shrewsbury-lansdowne_i-44_metrolink_station-mf.csv */,
				C05D95CF2A489CB20091F2A0 /* shrewsbury-lansdowne_i-44_metrolink_station-ss.csv */,
				C05D95A12A489CB10091F2A0 /* skinker_metrolink_station-mf.csv */,
				C05D95F02A489CB30091F2A0 /* skinker_metrolink_station-ss.csv */,
				C05D95CB2A489CB20091F2A0 /* stadium_metrolink_station-mf.csv */,
				C05D95C92A489CB20091F2A0 /* stadium_metrolink_station-ss.csv */,
				C05D95A32A489CB10091F2A0 /* stations.csv */,
				C05D95D22A489CB20091F2A0 /* sunnen_metrolink_station-mf.csv */,
				C05D95ED2A489CB30091F2A0 /* sunnen_metrolink_station-ss.csv */,
				C05D95AA2A489CB10091F2A0 /* swansea_metrolink_station-mf.csv */,
				C05D95BB2A489CB20091F2A0 /* swansea_metrolink_station-ss.csv */,
				C05D95992A489CB10091F2A0 /* u_city_big_bend_metrolink__station-mf.csv */,
				C05D95E42A489CB30091F2A0 /* u_city_big_bend_metrolink__station-ss.csv */,
				C05D95F22A489CB30091F2A0 /* umsl_north_metrolink_station-mf.csv */,
				C05D95E72A489CB30091F2A0 /* umsl_north_metrolink_station-ss.csv */,
				C05D95F12A489CB30091F2A0 /* umsl_south_metrolink_station-mf.csv */,
				C05D959F2A489CB10091F2A0 /* umsl_south_metrolink_station-ss.csv */,
				C05D95CD2A489CB20091F2A0 /* union_sta_metrolink_station-mf.csv */,
				C05D95EB2A489CB30091F2A0 /* union_sta_metrolink_station-ss.csv */,
				C05D95D02A489CB20091F2A0 /* union_station_metrolink_station-mf.csv */,
				C05D95BC2A489CB20091F2A0 /* union_station_metrolink_station-ss.csv */,
				C05D95E12A489CB30091F2A0 /* university_city-big_bend_metrolink_station-mf.csv */,
				C05D95F92A489CB30091F2A0 /* university_city-big_bend_metrolink_station-ss.csv */,
				C05D959D2A489CB10091F2A0 /* washington_park_metrolink_station-mf.csv */,
				C05D95A22A489CB10091F2A0 /* washington_park_metrolink_station-ss.csv */,
				C05D95F52A489CB30091F2A0 /* wellston_metrolink_station-mf.csv */,
				C05D95F82A489CB30091F2A0 /* wellston_metrolink_station-ss.csv */,
				143E6E9B17F528BE00FCC26C /* NextMetroSTL-Info.plist */,
				143E6E9C17F528BE00FCC26C /* InfoPlist.strings */,
				143E6E9F17F528BE00FCC26C /* main.m */,
				143E6EA117F528BE00FCC26C /* NextMetroSTL-Prefix.pch */,
				143E6EA517F528BE00FCC26C /* Default.png */,
				143E6EA717F528BE00FCC26C /* Default@2x.png */,
				143E6EA917F528BE00FCC26C /* Default-568h@2x.png */,
			);
			name = "Supporting Files";
			sourceTree = "<group>";
		};
		143E6EBD17F528BE00FCC26C /* NextMetroSTLTests */ = {
			isa = PBXGroup;
			children = (
				143E6EC317F528BE00FCC26C /* NextMetroSTLTests.h */,
				143E6EC417F528BE00FCC26C /* NextMetroSTLTests.m */,
				14BFAA5B1B6F14D80071FF7F /* NextMetroUtilTests.m */,
				143E6EBE17F528BE00FCC26C /* Supporting Files */,
			);
			path = NextMetroSTLTests;
			sourceTree = "<group>";
		};
		143E6EBE17F528BE00FCC26C /* Supporting Files */ = {
			isa = PBXGroup;
			children = (
				143E6EBF17F528BE00FCC26C /* NextMetroSTLTests-Info.plist */,
				143E6EC017F528BE00FCC26C /* InfoPlist.strings */,
			);
			name = "Supporting Files";
			sourceTree = "<group>";
		};
/* End PBXGroup section */

/* Begin PBXNativeTarget section */
		143E6E8F17F528BE00FCC26C /* NextMetroSTL */ = {
			isa = PBXNativeTarget;
			buildConfigurationList = 143E6EC817F528BE00FCC26C /* Build configuration list for PBXNativeTarget "NextMetroSTL" */;
			buildPhases = (
				143E6E8C17F528BE00FCC26C /* Sources */,
				143E6E8D17F528BE00FCC26C /* Frameworks */,
				143E6E8E17F528BE00FCC26C /* Resources */,
			);
			buildRules = (
			);
			dependencies = (
			);
			name = NextMetroSTL;
			productName = NextMetroSTL;
			productReference = 143E6E9017F528BE00FCC26C /* NextMetroSTL.app */;
			productType = "com.apple.product-type.application";
		};
		143E6EB517F528BE00FCC26C /* NextMetroSTLTests */ = {
			isa = PBXNativeTarget;
			buildConfigurationList = 143E6ECB17F528BE00FCC26C /* Build configuration list for PBXNativeTarget "NextMetroSTLTests" */;
			buildPhases = (
				143E6EB117F528BE00FCC26C /* Sources */,
				143E6EB217F528BE00FCC26C /* Frameworks */,
				143E6EB317F528BE00FCC26C /* Resources */,
				143E6EB417F528BE00FCC26C /* ShellScript */,
			);
			buildRules = (
			);
			dependencies = (
				143E6EBC17F528BE00FCC26C /* PBXTargetDependency */,
			);
			name = NextMetroSTLTests;
			productName = NextMetroSTLTests;
			productReference = 143E6EB617F528BE00FCC26C /* NextMetroSTLTests.xctest */;
			productType = "com.apple.product-type.bundle.unit-test";
		};
/* End PBXNativeTarget section */

/* Begin PBXProject section */
		143E6E8817F528BE00FCC26C /* Project object */ = {
			isa = PBXProject;
			attributes = {
				CLASSPREFIX = NextMetro;
				LastUpgradeCheck = 0460;
				ORGANIZATIONNAME = com.menne;
				TargetAttributes = {
					143E6E8F17F528BE00FCC26C = {
						DevelopmentTeam = B3XGPL3FB2;
					};
				};
			};
			buildConfigurationList = 143E6E8B17F528BE00FCC26C /* Build configuration list for PBXProject "NextMetroSTL" */;
			compatibilityVersion = "Xcode 3.2";
			developmentRegion = English;
			hasScannedForEncodings = 0;
			knownRegions = (
				English,
				en,
			);
			mainGroup = 143E6E8717F528BE00FCC26C;
			productRefGroup = 143E6E9117F528BE00FCC26C /* Products */;
			projectDirPath = "";
			projectRoot = "";
			targets = (
				143E6E8F17F528BE00FCC26C /* NextMetroSTL */,
				143E6EB517F528BE00FCC26C /* NextMetroSTLTests */,
			);
		};
/* End PBXProject section */

/* Begin PBXResourcesBuildPhase section */
		143E6E8E17F528BE00FCC26C /* Resources */ = {
			isa = PBXResourcesBuildPhase;
			buildActionMask = 2147483647;
			files = (
				C05D960A2A489CB30091F2A0 /* 8th_and_pine_metrolink_station-ss.csv in Resources */,
				C05D96172A489CB30091F2A0 /* central_west_end_metrolink_station-mf.csv in Resources */,
				C05D96492A489CB30091F2A0 /* lambert_airport_terminal_#1_metrolink_station-mf.csv in Resources */,
				C05D96222A489CB30091F2A0 /* forsyth_metrolink_station-ss.csv in Resources */,
				C05D96462A489CB30091F2A0 /* delmar_metrolink_station-mf.csv in Resources */,
				C05D963B2A489CB30091F2A0 /* belleville_metrolink_station-mf.csv in Resources */,
				C05D963F2A489CB30091F2A0 /* shrewsbury_metrolink_station-ss.csv in Resources */,
				C05D96292A489CB30091F2A0 /* maplewood_metrolink_station-ss.csv in Resources */,
				C05D961D2A489CB30091F2A0 /* union_station_metrolink_station-ss.csv in Resources */,
				C05D96312A489CB30091F2A0 /* union_station_metrolink_station-mf.csv in Resources */,
				C05D964B2A489CB30091F2A0 /* convention_center_metrolink_station-ss.csv in Resources */,
				C05D96002A489CB30091F2A0 /* umsl_south_metrolink_station-ss.csv in Resources */,
				C05D96482A489CB30091F2A0 /* umsl_north_metrolink_station-ss.csv in Resources */,
				143E6E9E17F528BE00FCC26C /* InfoPlist.strings in Resources */,
				C05D96112A489CB30091F2A0 /* forsyth_metrolink_station-mf.csv in Resources */,
				C05D96332A489CB30091F2A0 /* sunnen_metrolink_station-mf.csv in Resources */,
				C05D963C2A489CB30091F2A0 /* richmond_heights_metrolink_station-mf.csv in Resources */,
				C05D961F2A489CB30091F2A0 /* clayton_metrolink_station-ss.csv in Resources */,
				143E6EA617F528BE00FCC26C /* Default.png in Resources */,
				C05D964A2A489CB30091F2A0 /* college_metrolink_station-ss.csv in Resources */,
				C05D96572A489CB30091F2A0 /* college_metrolink_station-mf.csv in Resources */,
				C05D96152A489CB30091F2A0 /* 5th_and_missouri_metrolink_station-mf.csv in Resources */,
				C05D96042A489CB30091F2A0 /* stations.csv in Resources */,
				C05D96422A489CB30091F2A0 /* university_city-big_bend_metrolink_station-mf.csv in Resources */,
				C05D96062A489CB30091F2A0 /* grand_metrolink_station-ss.csv in Resources */,
				C05D96392A489CB30091F2A0 /* forest_park_metrolink_station-mf.csv in Resources */,
				C05D96132A489CB30091F2A0 /* emerson_park_metrolink_station-ss.csv in Resources */,
				C05D964D2A489CB30091F2A0 /* north_hanley_metrolink_station-ss.csv in Resources */,
				C05D965A2A489CB30091F2A0 /* university_city-big_bend_metrolink_station-ss.csv in Resources */,
				143E6EA817F528BE00FCC26C /* Default@2x.png in Resources */,
				C05D96092A489CB30091F2A0 /* brentwood_i-64_metrolink_station-mf.csv in Resources */,
				C05D95FD2A489CB30091F2A0 /* lambert_main_trml_metrolink_station-mf.csv in Resources */,
				C05D96552A489CB30091F2A0 /* forest_park_debaliviere_metrolink_station-ss.csv in Resources */,
				C05D96412A489CB30091F2A0 /* emerson_park_metrolink_station-mf.csv in Resources */,
				C05D96242A489CB30091F2A0 /* brentwood_i-64_metrolink_station-ss.csv in Resources */,
				C05D962A2A489CB30091F2A0 /* stadium_metrolink_station-ss.csv in Resources */,
				C05D95FC2A489CB30091F2A0 /* delmar_loop_metrolink_station-mf.csv in Resources */,
				C05D96352A489CB30091F2A0 /* cortex_metrolink_station-ss.csv in Resources */,
				C05D96592A489CB30091F2A0 /* wellston_metrolink_station-ss.csv in Resources */,
				C05D96562A489CB30091F2A0 /* wellston_metrolink_station-mf.csv in Resources */,
				C05D96192A489CB30091F2A0 /* rock_road_metrolink_station-ss.csv in Resources */,
				C05D962F2A489CB30091F2A0 /* lacledes_landing_metrolink_station-ss.csv in Resources */,
				C05D962E2A489CB30091F2A0 /* union_sta_metrolink_station-mf.csv in Resources */,
				1490E7F01C5CB96300D0193D /* Images-2.xcassets in Resources */,
				C05D96252A489CB30091F2A0 /* central_west_end_metrolink_station-ss.csv in Resources */,
				C05D96302A489CB30091F2A0 /* shrewsbury-lansdowne_i-44_metrolink_station-ss.csv in Resources */,
				C05D96322A489CB30091F2A0 /* maplewood-manchester_metrolink_station-mf.csv in Resources */,
				C05D96202A489CB30091F2A0 /* shrewsbury-lansdowne_i-44_metrolink_station-mf.csv in Resources */,
				C05D96232A489CB30091F2A0 /* rock_road_metrolink_station-mf.csv in Resources */,
				C05D96532A489CB30091F2A0 /* umsl_north_metrolink_station-mf.csv in Resources */,
				C05D964E2A489CB30091F2A0 /* sunnen_metrolink_station-ss.csv in Resources */,
				C05D96282A489CB30091F2A0 /* civic_center_metrolink_station-ss.csv in Resources */,
				143E6EAA17F528BE00FCC26C /* Default-568h@2x.png in Resources */,
				C05D960C2A489CB30091F2A0 /* maplewood-manchester_metrolink_station-ss.csv in Resources */,
				C05D96162A489CB30091F2A0 /* fairview_heights_metrolink_station-mf.csv in Resources */,
				C05D96142A489CB30091F2A0 /* lambert_airport_terminal_#2_metrolink_station-mf.csv in Resources */,
				C05D96512A489CB30091F2A0 /* skinker_metrolink_station-ss.csv in Resources */,
				C05D96432A489CB30091F2A0 /* lambert_main_trml_metrolink_station-ss.csv in Resources */,
				C05D96542A489CB30091F2A0 /* maplewood_metrolink_station-mf.csv in Resources */,
				C05D963D2A489CB30091F2A0 /* east_riverfront_metrolink_station-ss.csv in Resources */,
				C05D960E2A489CB30091F2A0 /* 8th_and_pine_metrolink_station-mf.csv in Resources */,
				C05D961A2A489CB30091F2A0 /* lambert_east_trml_metrolink_station-ss.csv in Resources */,
				C05D95FB2A489CB30091F2A0 /* lambert_east_trml_metrolink_station-mf.csv in Resources */,
				C05D95FA2A489CB30091F2A0 /* u_city_big_bend_metrolink__station-mf.csv in Resources */,
				14BF802D212896A3006939E0 /* MainStoryboard.storyboard in Resources */,
				C05D964F2A489CB30091F2A0 /* convention_center_metrolink_station-mf.csv in Resources */,
				C05D961B2A489CB30091F2A0 /* cortex_metrolink_station-mf.csv in Resources */,
				C05D964C2A489CB30091F2A0 /* union_sta_metrolink_station-ss.csv in Resources */,
				C05D96122A489CB30091F2A0 /* clayton_metrolink_station-mf.csv in Resources */,
				C05D95FF2A489CB30091F2A0 /* jjk_center_metrolink_station-mf.csv in Resources */,
				C05D96452A489CB30091F2A0 /* u_city_big_bend_metrolink__station-ss.csv in Resources */,
				C05D961C2A489CB30091F2A0 /* swansea_metrolink_station-ss.csv in Resources */,
				C05D960D2A489CB30091F2A0 /* jjk_center_metrolink_station-ss.csv in Resources */,
				C05D96072A489CB30091F2A0 /* shrewsbury_metrolink_station-mf.csv in Resources */,
				C05D96032A489CB30091F2A0 /* washington_park_metrolink_station-ss.csv in Resources */,
				C05D96502A489CB30091F2A0 /* memorial_hospital_metrolink_station-ss.csv in Resources */,
				C05D96182A489CB30091F2A0 /* civic_center_metrolink_station-mf.csv in Resources */,
				C05D96022A489CB30091F2A0 /* skinker_metrolink_station-mf.csv in Resources */,
				C05D96272A489CB30091F2A0 /* grand_metrolink_station-mf.csv in Resources */,
				C05D961E2A489CB30091F2A0 /* north_hanley_metrolink_station-mf.csv in Resources */,
				C05D96052A489CB30091F2A0 /* fairview_heights_metrolink_station-ss.csv in Resources */,
				C05D96262A489CB30091F2A0 /* lambert_airport_terminal_#1_metrolink_station-ss.csv in Resources */,
				C05D95FE2A489CB30091F2A0 /* washington_park_metrolink_station-mf.csv in Resources */,
				C05D963E2A489CB30091F2A0 /* lambert_airport_terminal_#2_metrolink_station-ss.csv in Resources */,
				C05D96522A489CB30091F2A0 /* umsl_south_metrolink_station-mf.csv in Resources */,
				C05D962D2A489CB30091F2A0 /* 5th_and_missouri_metrolink_station-ss.csv in Resources */,
				C05D96442A489CB30091F2A0 /* memorial_hospital_metrolink_station-mf.csv in Resources */,
				C05D96012A489CB30091F2A0 /* brentwood_metrolink_station-ss.csv in Resources */,
				C05D96212A489CB30091F2A0 /* forest_park_metrolink_station-ss.csv in Resources */,
				C05D96082A489CB30091F2A0 /* shiloh-scott_metrolink_station-ss.csv in Resources */,
				C05D963A2A489CB30091F2A0 /* shiloh-scott_metrolink_station-mf.csv in Resources */,
				C05D962B2A489CB30091F2A0 /* east_riverfront_metrolink_station-mf.csv in Resources */,
				C05D96102A489CB30091F2A0 /* laclede's_landing_metrolink_station-ss.csv in Resources */,
				C05D96372A489CB30091F2A0 /* brentwood_metrolink_station-mf.csv in Resources */,
				C05D96582A489CB30091F2A0 /* richmond_heights_metrolink_station-ss.csv in Resources */,
				C05D96342A489CB30091F2A0 /* belleville_metrolink_station-ss.csv in Resources */,
				143E6EB017F528BE00FCC26C /* NextMetroViewController.xib in Resources */,
				C05D960B2A489CB30091F2A0 /* swansea_metrolink_station-mf.csv in Resources */,
				C05D962C2A489CB30091F2A0 /* stadium_metrolink_station-mf.csv in Resources */,
				C05D96362A489CB30091F2A0 /* delmar_metrolink_station-ss.csv in Resources */,
				C05D96402A489CB30091F2A0 /* laclede's_landing_metrolink_station-mf.csv in Resources */,
				C05D96472A489CB30091F2A0 /* lacledes_landing_metrolink_station-mf.csv in Resources */,
				C05D96382A489CB30091F2A0 /* delmar_loop_metrolink_station-ss.csv in Resources */,
				C05D960F2A489CB30091F2A0 /* forest_park_debaliviere_metrolink_station-mf.csv in Resources */,
			);
			runOnlyForDeploymentPostprocessing = 0;
		};
		143E6EB317F528BE00FCC26C /* Resources */ = {
			isa = PBXResourcesBuildPhase;
			buildActionMask = 2147483647;
			files = (
				143E6EC217F528BE00FCC26C /* InfoPlist.strings in Resources */,
			);
			runOnlyForDeploymentPostprocessing = 0;
		};
/* End PBXResourcesBuildPhase section */

/* Begin PBXShellScriptBuildPhase section */
		143E6EB417F528BE00FCC26C /* ShellScript */ = {
			isa = PBXShellScriptBuildPhase;
			buildActionMask = 2147483647;
			files = (
			);
			inputPaths = (
			);
			outputPaths = (
			);
			runOnlyForDeploymentPostprocessing = 0;
			shellPath = /bin/sh;
			shellScript = "# Run the unit tests in this test bundle.\n\"${SYSTEM_DEVELOPER_DIR}/Tools/RunUnitTests\"\n";
		};
/* End PBXShellScriptBuildPhase section */

/* Begin PBXSourcesBuildPhase section */
		143E6E8C17F528BE00FCC26C /* Sources */ = {
			isa = PBXSourcesBuildPhase;
			buildActionMask = 2147483647;
			files = (
				143E6EA017F528BE00FCC26C /* main.m in Sources */,
				143E6EA417F528BE00FCC26C /* NextMetroAppDelegate.m in Sources */,
				143E6EAD17F528BE00FCC26C /* NextMetroViewController.m in Sources */,
				14BFAAF41B7866AF0071FF7F /* NextMetroStationCell.m in Sources */,
				14EE091A1831C50700EBA22F /* NextMetroStationStore.m in Sources */,
				14BFAAF01B785C110071FF7F /* NextMetroStationViewController.m in Sources */,
				14EE091D1831C77900EBA22F /* NextMetroStation.m in Sources */,
				14EE09201831CAD100EBA22F /* NextMetroTrain.m in Sources */,
				14A352C718596754004D149E /* NextMetroUtil.m in Sources */,
			);
			runOnlyForDeploymentPostprocessing = 0;
		};
		143E6EB117F528BE00FCC26C /* Sources */ = {
			isa = PBXSourcesBuildPhase;
			buildActionMask = 2147483647;
			files = (
				14BFAA5C1B6F14D80071FF7F /* NextMetroUtilTests.m in Sources */,
				143E6EC517F528BE00FCC26C /* NextMetroSTLTests.m in Sources */,
			);
			runOnlyForDeploymentPostprocessing = 0;
		};
/* End PBXSourcesBuildPhase section */

/* Begin PBXTargetDependency section */
		143E6EBC17F528BE00FCC26C /* PBXTargetDependency */ = {
			isa = PBXTargetDependency;
			target = 143E6E8F17F528BE00FCC26C /* NextMetroSTL */;
			targetProxy = 143E6EBB17F528BE00FCC26C /* PBXContainerItemProxy */;
		};
/* End PBXTargetDependency section */

/* Begin PBXVariantGroup section */
		143E6E9C17F528BE00FCC26C /* InfoPlist.strings */ = {
			isa = PBXVariantGroup;
			children = (
				143E6E9D17F528BE00FCC26C /* en */,
			);
			name = InfoPlist.strings;
			sourceTree = "<group>";
		};
		143E6EAE17F528BE00FCC26C /* NextMetroViewController.xib */ = {
			isa = PBXVariantGroup;
			children = (
				143E6EAF17F528BE00FCC26C /* en */,
			);
			name = NextMetroViewController.xib;
			sourceTree = "<group>";
		};
		143E6EC017F528BE00FCC26C /* InfoPlist.strings */ = {
			isa = PBXVariantGroup;
			children = (
				143E6EC117F528BE00FCC26C /* en */,
			);
			name = InfoPlist.strings;
			sourceTree = "<group>";
		};
/* End PBXVariantGroup section */

/* Begin XCBuildConfiguration section */
		143E6EC617F528BE00FCC26C /* Debug */ = {
			isa = XCBuildConfiguration;
			buildSettings = {
				ALWAYS_SEARCH_USER_PATHS = NO;
				CLANG_CXX_LANGUAGE_STANDARD = "gnu++0x";
				CLANG_CXX_LIBRARY = "libc++";
				CLANG_ENABLE_OBJC_ARC = YES;
				CLANG_WARN_CONSTANT_CONVERSION = YES;
				CLANG_WARN_EMPTY_BODY = YES;
				CLANG_WARN_ENUM_CONVERSION = YES;
				CLANG_WARN_INT_CONVERSION = YES;
				CLANG_WARN__DUPLICATE_METHOD_MATCH = YES;
				"CODE_SIGN_IDENTITY[sdk=iphoneos*]" = "iPhone Developer";
				COPY_PHASE_STRIP = NO;
				GCC_C_LANGUAGE_STANDARD = gnu99;
				GCC_DYNAMIC_NO_PIC = NO;
				GCC_OPTIMIZATION_LEVEL = 0;
				GCC_PREPROCESSOR_DEFINITIONS = (
					"DEBUG=1",
					"$(inherited)",
				);
				GCC_SYMBOLS_PRIVATE_EXTERN = NO;
				GCC_WARN_ABOUT_RETURN_TYPE = YES;
				GCC_WARN_UNINITIALIZED_AUTOS = YES;
				GCC_WARN_UNUSED_VARIABLE = YES;
				IPHONEOS_DEPLOYMENT_TARGET = 8.1;
				ONLY_ACTIVE_ARCH = YES;
				OTHER_LDFLAGS = "-ObjC";
				SDKROOT = iphoneos;
			};
			name = Debug;
		};
		143E6EC717F528BE00FCC26C /* Release */ = {
			isa = XCBuildConfiguration;
			buildSettings = {
				ALWAYS_SEARCH_USER_PATHS = NO;
				CLANG_CXX_LANGUAGE_STANDARD = "gnu++0x";
				CLANG_CXX_LIBRARY = "libc++";
				CLANG_ENABLE_OBJC_ARC = YES;
				CLANG_WARN_CONSTANT_CONVERSION = YES;
				CLANG_WARN_EMPTY_BODY = YES;
				CLANG_WARN_ENUM_CONVERSION = YES;
				CLANG_WARN_INT_CONVERSION = YES;
				CLANG_WARN__DUPLICATE_METHOD_MATCH = YES;
				"CODE_SIGN_IDENTITY[sdk=iphoneos*]" = "iPhone Developer";
				COPY_PHASE_STRIP = YES;
				GCC_C_LANGUAGE_STANDARD = gnu99;
				GCC_WARN_ABOUT_RETURN_TYPE = YES;
				GCC_WARN_UNINITIALIZED_AUTOS = YES;
				GCC_WARN_UNUSED_VARIABLE = YES;
				IPHONEOS_DEPLOYMENT_TARGET = 8.1;
				OTHER_CFLAGS = "-DNS_BLOCK_ASSERTIONS=1";
				OTHER_LDFLAGS = "-ObjC";
				SDKROOT = iphoneos;
				VALIDATE_PRODUCT = YES;
			};
			name = Release;
		};
		143E6EC917F528BE00FCC26C /* Debug */ = {
			isa = XCBuildConfiguration;
			buildSettings = {
				ASSETCATALOG_COMPILER_APPICON_NAME = AppIcon;
				ASSETCATALOG_COMPILER_LAUNCHIMAGE_NAME = LaunchImage;
				CODE_SIGN_IDENTITY = "iPhone Developer";
				"CODE_SIGN_IDENTITY[sdk=iphoneos*]" = "iPhone Developer";
				GCC_PRECOMPILE_PREFIX_HEADER = YES;
				GCC_PREFIX_HEADER = "NextMetroSTL/NextMetroSTL-Prefix.pch";
				INFOPLIST_FILE = "NextMetroSTL/NextMetroSTL-Info.plist";
				IPHONEOS_DEPLOYMENT_TARGET = 8.2;
				PRODUCT_NAME = "$(TARGET_NAME)";
				PROVISIONING_PROFILE = "";
				WRAPPER_EXTENSION = app;
			};
			name = Debug;
		};
		143E6ECA17F528BE00FCC26C /* Release */ = {
			isa = XCBuildConfiguration;
			buildSettings = {
				ASSETCATALOG_COMPILER_APPICON_NAME = AppIcon;
				ASSETCATALOG_COMPILER_LAUNCHIMAGE_NAME = LaunchImage;
				CODE_SIGN_IDENTITY = "iPhone Developer";
				"CODE_SIGN_IDENTITY[sdk=iphoneos*]" = "iPhone Developer";
				GCC_PRECOMPILE_PREFIX_HEADER = YES;
				GCC_PREFIX_HEADER = "NextMetroSTL/NextMetroSTL-Prefix.pch";
				INFOPLIST_FILE = "NextMetroSTL/NextMetroSTL-Info.plist";
				IPHONEOS_DEPLOYMENT_TARGET = 8.2;
				PRODUCT_NAME = "$(TARGET_NAME)";
				PROVISIONING_PROFILE = "";
				WRAPPER_EXTENSION = app;
			};
			name = Release;
		};
		143E6ECC17F528BE00FCC26C /* Debug */ = {
			isa = XCBuildConfiguration;
			buildSettings = {
				BUNDLE_LOADER = "$(BUILT_PRODUCTS_DIR)/NextMetroSTL.app/NextMetroSTL";
				CLANG_ENABLE_MODULES = YES;
				FRAMEWORK_SEARCH_PATHS = (
					"$(inherited)",
					"$(SDKROOT)/Developer/Library/Frameworks",
					"$(PLATFORM_DIR)/Developer/Library/Frameworks",
				);
				GCC_PRECOMPILE_PREFIX_HEADER = YES;
				GCC_PREFIX_HEADER = "NextMetroSTL/NextMetroSTL-Prefix.pch";
				INFOPLIST_FILE = "NextMetroSTLTests/NextMetroSTLTests-Info.plist";
				OTHER_LDFLAGS = "-ObjC";
				PRODUCT_NAME = "$(TARGET_NAME)";
				TEST_HOST = "$(BUNDLE_LOADER)";
			};
			name = Debug;
		};
		143E6ECD17F528BE00FCC26C /* Release */ = {
			isa = XCBuildConfiguration;
			buildSettings = {
				BUNDLE_LOADER = "$(BUILT_PRODUCTS_DIR)/NextMetroSTL.app/NextMetroSTL";
				CLANG_ENABLE_MODULES = YES;
				FRAMEWORK_SEARCH_PATHS = (
					"$(inherited)",
					"$(SDKROOT)/Developer/Library/Frameworks",
					"$(PLATFORM_DIR)/Developer/Library/Frameworks",
				);
				GCC_PRECOMPILE_PREFIX_HEADER = YES;
				GCC_PREFIX_HEADER = "NextMetroSTL/NextMetroSTL-Prefix.pch";
				INFOPLIST_FILE = "NextMetroSTLTests/NextMetroSTLTests-Info.plist";
				OTHER_LDFLAGS = "-ObjC";
				PRODUCT_NAME = "$(TARGET_NAME)";
				TEST_HOST = "$(BUNDLE_LOADER)";
			};
			name = Release;
		};
/* End XCBuildConfiguration section */

/* Begin XCConfigurationList section */
		143E6E8B17F528BE00FCC26C /* Build configuration list for PBXProject "NextMetroSTL" */ = {
			isa = XCConfigurationList;
			buildConfigurations = (
				143E6EC617F528BE00FCC26C /* Debug */,
				143E6EC717F528BE00FCC26C /* Release */,
			);
			defaultConfigurationIsVisible = 0;
			defaultConfigurationName = Release;
		};
		143E6EC817F528BE00FCC26C /* Build configuration list for PBXNativeTarget "NextMetroSTL" */ = {
			isa = XCConfigurationList;
			buildConfigurations = (
				143E6EC917F528BE00FCC26C /* Debug */,
				143E6ECA17F528BE00FCC26C /* Release */,
			);
			defaultConfigurationIsVisible = 0;
			defaultConfigurationName = Release;
		};
		143E6ECB17F528BE00FCC26C /* Build configuration list for PBXNativeTarget "NextMetroSTLTests" */ = {
			isa = XCConfigurationList;
			buildConfigurations = (
				143E6ECC17F528BE00FCC26C /* Debug */,
				143E6ECD17F528BE00FCC26C /* Release */,
			);
			defaultConfigurationIsVisible = 0;
			defaultConfigurationName = Release;
		};
/* End XCConfigurationList section */
	};
	rootObject = 143E6E8817F528BE00FCC26C /* Project object */;
}
