// !$*UTF8*$!
{
	archiveVersion = 1;
	classes = {
	};
	objectVersion = 46;
	objects = {

/* Begin PBXBuildFile section */
		143E6E9417F528BE00FCC26C /* UIKit.framework in Frameworks */ = {isa = PBXBuildFile; fileRef = 143E6E9317F528BE00FCC26C /* UIKit.framework */; };
		143E6E9617F528BE00FCC26C /* Foundation.framework in Frameworks */ = {isa = PBXBuildFile; fileRef = 143E6E9517F528BE00FCC26C /* Foundation.framework */; };
		143E6E9817F528BE00FCC26C /* CoreGraphics.framework in Frameworks */ = {isa = PBXBuildFile; fileRef = 143E6E9717F528BE00FCC26C /* CoreGraphics.framework */; };
		143E6E9E17F528BE00FCC26C /* InfoPlist.strings in Resources */ = {isa = PBXBuildFile; fileRef = 143E6E9C17F528BE00FCC26C /* InfoPlist.strings */; };
		143E6EA017F528BE00FCC26C /* main.m in Sources */ = {isa = PBXBuildFile; fileRef = 143E6E9F17F528BE00FCC26C /* main.m */; };
		143E6EA417F528BE00FCC26C /* NextMetroAppDelegate.m in Sources */ = {isa = PBXBuildFile; fileRef = 143E6EA317F528BE00FCC26C /* NextMetroAppDelegate.m */; };
		143E6EA617F528BE00FCC26C /* Default.png in Resources */ = {isa = PBXBuildFile; fileRef = 143E6EA517F528BE00FCC26C /* Default.png */; };
		143E6EA817F528BE00FCC26C /* Default@2x.png in Resources */ = {isa = PBXBuildFile; fileRef = 143E6EA717F528BE00FCC26C /* Default@2x.png */; };
		143E6EAA17F528BE00FCC26C /* Default-568h@2x.png in Resources */ = {isa = PBXBuildFile; fileRef = 143E6EA917F528BE00FCC26C /* Default-568h@2x.png */; };
		143E6EAD17F528BE00FCC26C /* NextMetroViewController.m in Sources */ = {isa = PBXBuildFile; fileRef = 143E6EAC17F528BE00FCC26C /* NextMetroViewController.m */; };
		143E6EB017F528BE00FCC26C /* NextMetroViewController.xib in Resources */ = {isa = PBXBuildFile; fileRef = 143E6EAE17F528BE00FCC26C /* NextMetroViewController.xib */; };
		143E6EB817F528BE00FCC26C /* SenTestingKit.framework in Frameworks */ = {isa = PBXBuildFile; fileRef = 143E6EB717F528BE00FCC26C /* SenTestingKit.framework */; };
		143E6EB917F528BE00FCC26C /* UIKit.framework in Frameworks */ = {isa = PBXBuildFile; fileRef = 143E6E9317F528BE00FCC26C /* UIKit.framework */; };
		143E6EBA17F528BE00FCC26C /* Foundation.framework in Frameworks */ = {isa = PBXBuildFile; fileRef = 143E6E9517F528BE00FCC26C /* Foundation.framework */; };
		143E6EC217F528BE00FCC26C /* InfoPlist.strings in Resources */ = {isa = PBXBuildFile; fileRef = 143E6EC017F528BE00FCC26C /* InfoPlist.strings */; };
		143E6EC517F528BE00FCC26C /* NextMetroSTLTests.m in Sources */ = {isa = PBXBuildFile; fileRef = 143E6EC417F528BE00FCC26C /* NextMetroSTLTests.m */; };
		143E6ECF17FA6DAD00FCC26C /* music_noise.wav in Resources */ = {isa = PBXBuildFile; fileRef = 143E6ECE17FA6DAD00FCC26C /* music_noise.wav */; };
		143E6ED117FA73FF00FCC26C /* AudioToolbox.framework in Frameworks */ = {isa = PBXBuildFile; fileRef = 143E6ED017FA73FF00FCC26C /* AudioToolbox.framework */; };
		143E6ED317FA7E5900FCC26C /* shrewsbury.csv in Resources */ = {isa = PBXBuildFile; fileRef = 143E6ED217FA7E5900FCC26C /* shrewsbury.csv */; };
		1452795A17FBBF7800AC912F /* CoreLocation.framework in Frameworks */ = {isa = PBXBuildFile; fileRef = 1452795917FBBF7800AC912F /* CoreLocation.framework */; };
		1452795C17FBC94B00AC912F /* stations.csv in Resources */ = {isa = PBXBuildFile; fileRef = 1452795B17FBC94B00AC912F /* stations.csv */; };
		14BBD44B18334EEF00A351F4 /* CoreGraphics.framework in Frameworks */ = {isa = PBXBuildFile; fileRef = 143E6E9717F528BE00FCC26C /* CoreGraphics.framework */; };
		14BBD44E18334FA000A351F4 /* MainStoryboard.storyboard in Resources */ = {isa = PBXBuildFile; fileRef = 14BBD44C18334FA000A351F4 /* MainStoryboard.storyboard */; };
		14EE0700182C959C00EBA22F /* CoreLocation.framework in Frameworks */ = {isa = PBXBuildFile; fileRef = 1452795917FBBF7800AC912F /* CoreLocation.framework */; };
		14EE0785182CAC5500EBA22F /* 5th_missouri.csv in Resources */ = {isa = PBXBuildFile; fileRef = 14EE0762182CAC5400EBA22F /* 5th_missouri.csv */; };
		14EE0786182CAC5500EBA22F /* 8th_pine.csv in Resources */ = {isa = PBXBuildFile; fileRef = 14EE0763182CAC5400EBA22F /* 8th_pine.csv */; };
		14EE0787182CAC5500EBA22F /* arch_lacledes.csv in Resources */ = {isa = PBXBuildFile; fileRef = 14EE0764182CAC5400EBA22F /* arch_lacledes.csv */; };
		14EE0788182CAC5500EBA22F /* belleville.csv in Resources */ = {isa = PBXBuildFile; fileRef = 14EE0765182CAC5400EBA22F /* belleville.csv */; };
		14EE0789182CAC5500EBA22F /* brentwood.csv in Resources */ = {isa = PBXBuildFile; fileRef = 14EE0766182CAC5400EBA22F /* brentwood.csv */; };
		14EE078A182CAC5500EBA22F /* central_west_end.csv in Resources */ = {isa = PBXBuildFile; fileRef = 14EE0767182CAC5400EBA22F /* central_west_end.csv */; };
		14EE078B182CAC5500EBA22F /* civic_center.csv in Resources */ = {isa = PBXBuildFile; fileRef = 14EE0768182CAC5400EBA22F /* civic_center.csv */; };
		14EE078C182CAC5500EBA22F /* clayton.csv in Resources */ = {isa = PBXBuildFile; fileRef = 14EE0769182CAC5400EBA22F /* clayton.csv */; };
		14EE078D182CAC5500EBA22F /* college.csv in Resources */ = {isa = PBXBuildFile; fileRef = 14EE076A182CAC5400EBA22F /* college.csv */; };
		14EE078E182CAC5500EBA22F /* convention_center.csv in Resources */ = {isa = PBXBuildFile; fileRef = 14EE076B182CAC5400EBA22F /* convention_center.csv */; };
		14EE078F182CAC5500EBA22F /* delmar.csv in Resources */ = {isa = PBXBuildFile; fileRef = 14EE076C182CAC5400EBA22F /* delmar.csv */; };
		14EE0790182CAC5500EBA22F /* east_riverfront.csv in Resources */ = {isa = PBXBuildFile; fileRef = 14EE076D182CAC5400EBA22F /* east_riverfront.csv */; };
		14EE0791182CAC5500EBA22F /* emerson_park.csv in Resources */ = {isa = PBXBuildFile; fileRef = 14EE076E182CAC5400EBA22F /* emerson_park.csv */; };
		14EE0792182CAC5500EBA22F /* fairview_heights.csv in Resources */ = {isa = PBXBuildFile; fileRef = 14EE076F182CAC5400EBA22F /* fairview_heights.csv */; };
		14EE0793182CAC5500EBA22F /* forest_park.csv in Resources */ = {isa = PBXBuildFile; fileRef = 14EE0770182CAC5400EBA22F /* forest_park.csv */; };
		14EE0794182CAC5500EBA22F /* forsyth.csv in Resources */ = {isa = PBXBuildFile; fileRef = 14EE0771182CAC5400EBA22F /* forsyth.csv */; };
		14EE0795182CAC5500EBA22F /* grand.csv in Resources */ = {isa = PBXBuildFile; fileRef = 14EE0772182CAC5400EBA22F /* grand.csv */; };
		14EE0796182CAC5500EBA22F /* jjk_center.csv in Resources */ = {isa = PBXBuildFile; fileRef = 14EE0773182CAC5400EBA22F /* jjk_center.csv */; };
		14EE0797182CAC5500EBA22F /* lambert_east.csv in Resources */ = {isa = PBXBuildFile; fileRef = 14EE0774182CAC5400EBA22F /* lambert_east.csv */; };
		14EE0798182CAC5500EBA22F /* lambert_main.csv in Resources */ = {isa = PBXBuildFile; fileRef = 14EE0775182CAC5400EBA22F /* lambert_main.csv */; };
		14EE0799182CAC5500EBA22F /* maplewood.csv in Resources */ = {isa = PBXBuildFile; fileRef = 14EE0776182CAC5400EBA22F /* maplewood.csv */; };
		14EE079A182CAC5500EBA22F /* memorial_hospital.csv in Resources */ = {isa = PBXBuildFile; fileRef = 14EE0777182CAC5400EBA22F /* memorial_hospital.csv */; };
		14EE079B182CAC5500EBA22F /* north_hanley.csv in Resources */ = {isa = PBXBuildFile; fileRef = 14EE0778182CAC5400EBA22F /* north_hanley.csv */; };
		14EE079C182CAC5500EBA22F /* richmond_heights.csv in Resources */ = {isa = PBXBuildFile; fileRef = 14EE0779182CAC5400EBA22F /* richmond_heights.csv */; };
		14EE079D182CAC5500EBA22F /* rockroad.csv in Resources */ = {isa = PBXBuildFile; fileRef = 14EE077A182CAC5400EBA22F /* rockroad.csv */; };
		14EE079E182CAC5500EBA22F /* shiloh_scott.csv in Resources */ = {isa = PBXBuildFile; fileRef = 14EE077B182CAC5400EBA22F /* shiloh_scott.csv */; };
		14EE079F182CAC5500EBA22F /* skinker.csv in Resources */ = {isa = PBXBuildFile; fileRef = 14EE077C182CAC5400EBA22F /* skinker.csv */; };
		14EE07A0182CAC5500EBA22F /* stadium.csv in Resources */ = {isa = PBXBuildFile; fileRef = 14EE077D182CAC5400EBA22F /* stadium.csv */; };
		14EE07A1182CAC5500EBA22F /* sunnen.csv in Resources */ = {isa = PBXBuildFile; fileRef = 14EE077E182CAC5500EBA22F /* sunnen.csv */; };
		14EE07A2182CAC5500EBA22F /* swansea.csv in Resources */ = {isa = PBXBuildFile; fileRef = 14EE077F182CAC5500EBA22F /* swansea.csv */; };
		14EE07A3182CAC5500EBA22F /* umsl_north.csv in Resources */ = {isa = PBXBuildFile; fileRef = 14EE0780182CAC5500EBA22F /* umsl_north.csv */; };
		14EE07A4182CAC5500EBA22F /* umsl_south.csv in Resources */ = {isa = PBXBuildFile; fileRef = 14EE0781182CAC5500EBA22F /* umsl_south.csv */; };
		14EE07A5182CAC5500EBA22F /* union_station.csv in Resources */ = {isa = PBXBuildFile; fileRef = 14EE0782182CAC5500EBA22F /* union_station.csv */; };
		14EE07A6182CAC5500EBA22F /* washington_park.csv in Resources */ = {isa = PBXBuildFile; fileRef = 14EE0783182CAC5500EBA22F /* washington_park.csv */; };
		14EE07A7182CAC5500EBA22F /* wellston.csv in Resources */ = {isa = PBXBuildFile; fileRef = 14EE0784182CAC5500EBA22F /* wellston.csv */; };
		14EE091A1831C50700EBA22F /* NextMetroStationStore.m in Sources */ = {isa = PBXBuildFile; fileRef = 14EE09191831C50700EBA22F /* NextMetroStationStore.m */; };
		14EE091D1831C77900EBA22F /* NextMetroStation.m in Sources */ = {isa = PBXBuildFile; fileRef = 14EE091C1831C77900EBA22F /* NextMetroStation.m */; };
		14EE09201831CAD100EBA22F /* NextMetroTrain.m in Sources */ = {isa = PBXBuildFile; fileRef = 14EE091F1831CAD100EBA22F /* NextMetroTrain.m */; };
/* End PBXBuildFile section */

/* Begin PBXContainerItemProxy section */
		143E6EBB17F528BE00FCC26C /* PBXContainerItemProxy */ = {
			isa = PBXContainerItemProxy;
			containerPortal = 143E6E8817F528BE00FCC26C /* Project object */;
			proxyType = 1;
			remoteGlobalIDString = 143E6E8F17F528BE00FCC26C;
			remoteInfo = NextMetroSTL;
		};
/* End PBXContainerItemProxy section */

/* Begin PBXFileReference section */
		143E6E9017F528BE00FCC26C /* NextMetroSTL.app */ = {isa = PBXFileReference; explicitFileType = wrapper.application; includeInIndex = 0; path = NextMetroSTL.app; sourceTree = BUILT_PRODUCTS_DIR; };
		143E6E9317F528BE00FCC26C /* UIKit.framework */ = {isa = PBXFileReference; lastKnownFileType = wrapper.framework; name = UIKit.framework; path = System/Library/Frameworks/UIKit.framework; sourceTree = SDKROOT; };
		143E6E9517F528BE00FCC26C /* Foundation.framework */ = {isa = PBXFileReference; lastKnownFileType = wrapper.framework; name = Foundation.framework; path = System/Library/Frameworks/Foundation.framework; sourceTree = SDKROOT; };
		143E6E9717F528BE00FCC26C /* CoreGraphics.framework */ = {isa = PBXFileReference; lastKnownFileType = wrapper.framework; name = CoreGraphics.framework; path = System/Library/Frameworks/CoreGraphics.framework; sourceTree = SDKROOT; };
		143E6E9B17F528BE00FCC26C /* NextMetroSTL-Info.plist */ = {isa = PBXFileReference; lastKnownFileType = text.plist.xml; path = "NextMetroSTL-Info.plist"; sourceTree = "<group>"; };
		143E6E9D17F528BE00FCC26C /* en */ = {isa = PBXFileReference; lastKnownFileType = text.plist.strings; name = en; path = en.lproj/InfoPlist.strings; sourceTree = "<group>"; };
		143E6E9F17F528BE00FCC26C /* main.m */ = {isa = PBXFileReference; lastKnownFileType = sourcecode.c.objc; path = main.m; sourceTree = "<group>"; };
		143E6EA117F528BE00FCC26C /* NextMetroSTL-Prefix.pch */ = {isa = PBXFileReference; lastKnownFileType = sourcecode.c.h; path = "NextMetroSTL-Prefix.pch"; sourceTree = "<group>"; };
		143E6EA217F528BE00FCC26C /* NextMetroAppDelegate.h */ = {isa = PBXFileReference; lastKnownFileType = sourcecode.c.h; path = NextMetroAppDelegate.h; sourceTree = "<group>"; };
		143E6EA317F528BE00FCC26C /* NextMetroAppDelegate.m */ = {isa = PBXFileReference; lastKnownFileType = sourcecode.c.objc; path = NextMetroAppDelegate.m; sourceTree = "<group>"; };
		143E6EA517F528BE00FCC26C /* Default.png */ = {isa = PBXFileReference; lastKnownFileType = image.png; path = Default.png; sourceTree = "<group>"; };
		143E6EA717F528BE00FCC26C /* Default@2x.png */ = {isa = PBXFileReference; lastKnownFileType = image.png; path = "Default@2x.png"; sourceTree = "<group>"; };
		143E6EA917F528BE00FCC26C /* Default-568h@2x.png */ = {isa = PBXFileReference; lastKnownFileType = image.png; path = "Default-568h@2x.png"; sourceTree = "<group>"; };
		143E6EAB17F528BE00FCC26C /* NextMetroViewController.h */ = {isa = PBXFileReference; lastKnownFileType = sourcecode.c.h; path = NextMetroViewController.h; sourceTree = "<group>"; };
		143E6EAC17F528BE00FCC26C /* NextMetroViewController.m */ = {isa = PBXFileReference; lastKnownFileType = sourcecode.c.objc; path = NextMetroViewController.m; sourceTree = "<group>"; };
		143E6EAF17F528BE00FCC26C /* en */ = {isa = PBXFileReference; lastKnownFileType = file.xib; name = en; path = en.lproj/NextMetroViewController.xib; sourceTree = "<group>"; };
		143E6EB617F528BE00FCC26C /* NextMetroSTLTests.octest */ = {isa = PBXFileReference; explicitFileType = wrapper.cfbundle; includeInIndex = 0; path = NextMetroSTLTests.octest; sourceTree = BUILT_PRODUCTS_DIR; };
		143E6EB717F528BE00FCC26C /* SenTestingKit.framework */ = {isa = PBXFileReference; lastKnownFileType = wrapper.framework; name = SenTestingKit.framework; path = Library/Frameworks/SenTestingKit.framework; sourceTree = DEVELOPER_DIR; };
		143E6EBF17F528BE00FCC26C /* NextMetroSTLTests-Info.plist */ = {isa = PBXFileReference; lastKnownFileType = text.plist.xml; path = "NextMetroSTLTests-Info.plist"; sourceTree = "<group>"; };
		143E6EC117F528BE00FCC26C /* en */ = {isa = PBXFileReference; lastKnownFileType = text.plist.strings; name = en; path = en.lproj/InfoPlist.strings; sourceTree = "<group>"; };
		143E6EC317F528BE00FCC26C /* NextMetroSTLTests.h */ = {isa = PBXFileReference; lastKnownFileType = sourcecode.c.h; path = NextMetroSTLTests.h; sourceTree = "<group>"; };
		143E6EC417F528BE00FCC26C /* NextMetroSTLTests.m */ = {isa = PBXFileReference; lastKnownFileType = sourcecode.c.objc; path = NextMetroSTLTests.m; sourceTree = "<group>"; };
		143E6ECE17FA6DAD00FCC26C /* music_noise.wav */ = {isa = PBXFileReference; lastKnownFileType = audio.wav; name = music_noise.wav; path = "../../../../../../Dropbox/Archive/ess/audiology-sentence-test-tool/wavs/music_noise.wav"; sourceTree = "<group>"; };
		143E6ED017FA73FF00FCC26C /* AudioToolbox.framework */ = {isa = PBXFileReference; lastKnownFileType = wrapper.framework; name = AudioToolbox.framework; path = System/Library/Frameworks/AudioToolbox.framework; sourceTree = SDKROOT; };
		143E6ED217FA7E5900FCC26C /* shrewsbury.csv */ = {isa = PBXFileReference; fileEncoding = 4; lastKnownFileType = text; name = shrewsbury.csv; path = ../../../../Data/metrolinkData/shrewsbury.csv; sourceTree = "<group>"; };
		1452795917FBBF7800AC912F /* CoreLocation.framework */ = {isa = PBXFileReference; lastKnownFileType = wrapper.framework; name = CoreLocation.framework; path = System/Library/Frameworks/CoreLocation.framework; sourceTree = SDKROOT; };
		1452795B17FBC94B00AC912F /* stations.csv */ = {isa = PBXFileReference; fileEncoding = 4; lastKnownFileType = text; name = stations.csv; path = ../../../../Data/metrolinkData/stations.csv; sourceTree = "<group>"; };
		14BBD44D18334FA000A351F4 /* en */ = {isa = PBXFileReference; lastKnownFileType = file.storyboard; name = en; path = ../../../iOS/PhotoScroller/en.lproj/MainStoryboard.storyboard; sourceTree = "<group>"; };
		14EE0762182CAC5400EBA22F /* 5th_missouri.csv */ = {isa = PBXFileReference; fileEncoding = 4; lastKnownFileType = text; name = 5th_missouri.csv; path = ../../../../Data/metrolinkData/5th_missouri.csv; sourceTree = "<group>"; };
		14EE0763182CAC5400EBA22F /* 8th_pine.csv */ = {isa = PBXFileReference; fileEncoding = 4; lastKnownFileType = text; name = 8th_pine.csv; path = ../../../../Data/metrolinkData/8th_pine.csv; sourceTree = "<group>"; };
		14EE0764182CAC5400EBA22F /* arch_lacledes.csv */ = {isa = PBXFileReference; fileEncoding = 4; lastKnownFileType = text; name = arch_lacledes.csv; path = ../../../../Data/metrolinkData/arch_lacledes.csv; sourceTree = "<group>"; };
		14EE0765182CAC5400EBA22F /* belleville.csv */ = {isa = PBXFileReference; fileEncoding = 4; lastKnownFileType = text; name = belleville.csv; path = ../../../../Data/metrolinkData/belleville.csv; sourceTree = "<group>"; };
		14EE0766182CAC5400EBA22F /* brentwood.csv */ = {isa = PBXFileReference; fileEncoding = 4; lastKnownFileType = text; name = brentwood.csv; path = ../../../../Data/metrolinkData/brentwood.csv; sourceTree = "<group>"; };
		14EE0767182CAC5400EBA22F /* central_west_end.csv */ = {isa = PBXFileReference; fileEncoding = 4; lastKnownFileType = text; name = central_west_end.csv; path = ../../../../Data/metrolinkData/central_west_end.csv; sourceTree = "<group>"; };
		14EE0768182CAC5400EBA22F /* civic_center.csv */ = {isa = PBXFileReference; fileEncoding = 4; lastKnownFileType = text; name = civic_center.csv; path = ../../../../Data/metrolinkData/civic_center.csv; sourceTree = "<group>"; };
		14EE0769182CAC5400EBA22F /* clayton.csv */ = {isa = PBXFileReference; fileEncoding = 4; lastKnownFileType = text; name = clayton.csv; path = ../../../../Data/metrolinkData/clayton.csv; sourceTree = "<group>"; };
		14EE076A182CAC5400EBA22F /* college.csv */ = {isa = PBXFileReference; fileEncoding = 4; lastKnownFileType = text; name = college.csv; path = ../../../../Data/metrolinkData/college.csv; sourceTree = "<group>"; };
		14EE076B182CAC5400EBA22F /* convention_center.csv */ = {isa = PBXFileReference; fileEncoding = 4; lastKnownFileType = text; name = convention_center.csv; path = ../../../../Data/metrolinkData/convention_center.csv; sourceTree = "<group>"; };
		14EE076C182CAC5400EBA22F /* delmar.csv */ = {isa = PBXFileReference; fileEncoding = 4; lastKnownFileType = text; name = delmar.csv; path = ../../../../Data/metrolinkData/delmar.csv; sourceTree = "<group>"; };
		14EE076D182CAC5400EBA22F /* east_riverfront.csv */ = {isa = PBXFileReference; fileEncoding = 4; lastKnownFileType = text; name = east_riverfront.csv; path = ../../../../Data/metrolinkData/east_riverfront.csv; sourceTree = "<group>"; };
		14EE076E182CAC5400EBA22F /* emerson_park.csv */ = {isa = PBXFileReference; fileEncoding = 4; lastKnownFileType = text; name = emerson_park.csv; path = ../../../../Data/metrolinkData/emerson_park.csv; sourceTree = "<group>"; };
		14EE076F182CAC5400EBA22F /* fairview_heights.csv */ = {isa = PBXFileReference; fileEncoding = 4; lastKnownFileType = text; name = fairview_heights.csv; path = ../../../../Data/metrolinkData/fairview_heights.csv; sourceTree = "<group>"; };
		14EE0770182CAC5400EBA22F /* forest_park.csv */ = {isa = PBXFileReference; fileEncoding = 4; lastKnownFileType = text; name = forest_park.csv; path = ../../../../Data/metrolinkData/forest_park.csv; sourceTree = "<group>"; };
		14EE0771182CAC5400EBA22F /* forsyth.csv */ = {isa = PBXFileReference; fileEncoding = 4; lastKnownFileType = text; name = forsyth.csv; path = ../../../../Data/metrolinkData/forsyth.csv; sourceTree = "<group>"; };
		14EE0772182CAC5400EBA22F /* grand.csv */ = {isa = PBXFileReference; fileEncoding = 4; lastKnownFileType = text; name = grand.csv; path = ../../../../Data/metrolinkData/grand.csv; sourceTree = "<group>"; };
		14EE0773182CAC5400EBA22F /* jjk_center.csv */ = {isa = PBXFileReference; fileEncoding = 4; lastKnownFileType = text; name = jjk_center.csv; path = ../../../../Data/metrolinkData/jjk_center.csv; sourceTree = "<group>"; };
		14EE0774182CAC5400EBA22F /* lambert_east.csv */ = {isa = PBXFileReference; fileEncoding = 4; lastKnownFileType = text; name = lambert_east.csv; path = ../../../../Data/metrolinkData/lambert_east.csv; sourceTree = "<group>"; };
		14EE0775182CAC5400EBA22F /* lambert_main.csv */ = {isa = PBXFileReference; fileEncoding = 4; lastKnownFileType = text; name = lambert_main.csv; path = ../../../../Data/metrolinkData/lambert_main.csv; sourceTree = "<group>"; };
		14EE0776182CAC5400EBA22F /* maplewood.csv */ = {isa = PBXFileReference; fileEncoding = 4; lastKnownFileType = text; name = maplewood.csv; path = ../../../../Data/metrolinkData/maplewood.csv; sourceTree = "<group>"; };
		14EE0777182CAC5400EBA22F /* memorial_hospital.csv */ = {isa = PBXFileReference; fileEncoding = 4; lastKnownFileType = text; name = memorial_hospital.csv; path = ../../../../Data/metrolinkData/memorial_hospital.csv; sourceTree = "<group>"; };
		14EE0778182CAC5400EBA22F /* north_hanley.csv */ = {isa = PBXFileReference; fileEncoding = 4; lastKnownFileType = text; name = north_hanley.csv; path = ../../../../Data/metrolinkData/north_hanley.csv; sourceTree = "<group>"; };
		14EE0779182CAC5400EBA22F /* richmond_heights.csv */ = {isa = PBXFileReference; fileEncoding = 4; lastKnownFileType = text; name = richmond_heights.csv; path = ../../../../Data/metrolinkData/richmond_heights.csv; sourceTree = "<group>"; };
		14EE077A182CAC5400EBA22F /* rockroad.csv */ = {isa = PBXFileReference; fileEncoding = 4; lastKnownFileType = text; name = rockroad.csv; path = ../../../../Data/metrolinkData/rockroad.csv; sourceTree = "<group>"; };
		14EE077B182CAC5400EBA22F /* shiloh_scott.csv */ = {isa = PBXFileReference; fileEncoding = 4; lastKnownFileType = text; name = shiloh_scott.csv; path = ../../../../Data/metrolinkData/shiloh_scott.csv; sourceTree = "<group>"; };
		14EE077C182CAC5400EBA22F /* skinker.csv */ = {isa = PBXFileReference; fileEncoding = 4; lastKnownFileType = text; name = skinker.csv; path = ../../../../Data/metrolinkData/skinker.csv; sourceTree = "<group>"; };
		14EE077D182CAC5400EBA22F /* stadium.csv */ = {isa = PBXFileReference; fileEncoding = 4; lastKnownFileType = text; name = stadium.csv; path = ../../../../Data/metrolinkData/stadium.csv; sourceTree = "<group>"; };
		14EE077E182CAC5500EBA22F /* sunnen.csv */ = {isa = PBXFileReference; fileEncoding = 4; lastKnownFileType = text; name = sunnen.csv; path = ../../../../Data/metrolinkData/sunnen.csv; sourceTree = "<group>"; };
		14EE077F182CAC5500EBA22F /* swansea.csv */ = {isa = PBXFileReference; fileEncoding = 4; lastKnownFileType = text; name = swansea.csv; path = ../../../../Data/metrolinkData/swansea.csv; sourceTree = "<group>"; };
		14EE0780182CAC5500EBA22F /* umsl_north.csv */ = {isa = PBXFileReference; fileEncoding = 4; lastKnownFileType = text; name = umsl_north.csv; path = ../../../../Data/metrolinkData/umsl_north.csv; sourceTree = "<group>"; };
		14EE0781182CAC5500EBA22F /* umsl_south.csv */ = {isa = PBXFileReference; fileEncoding = 4; lastKnownFileType = text; name = umsl_south.csv; path = ../../../../Data/metrolinkData/umsl_south.csv; sourceTree = "<group>"; };
		14EE0782182CAC5500EBA22F /* union_station.csv */ = {isa = PBXFileReference; fileEncoding = 4; lastKnownFileType = text; name = union_station.csv; path = ../../../../Data/metrolinkData/union_station.csv; sourceTree = "<group>"; };
		14EE0783182CAC5500EBA22F /* washington_park.csv */ = {isa = PBXFileReference; fileEncoding = 4; lastKnownFileType = text; name = washington_park.csv; path = ../../../../Data/metrolinkData/washington_park.csv; sourceTree = "<group>"; };
		14EE0784182CAC5500EBA22F /* wellston.csv */ = {isa = PBXFileReference; fileEncoding = 4; lastKnownFileType = text; name = wellston.csv; path = ../../../../Data/metrolinkData/wellston.csv; sourceTree = "<group>"; };
		14EE09181831C50700EBA22F /* NextMetroStationStore.h */ = {isa = PBXFileReference; fileEncoding = 4; lastKnownFileType = sourcecode.c.h; path = NextMetroStationStore.h; sourceTree = "<group>"; };
		14EE09191831C50700EBA22F /* NextMetroStationStore.m */ = {isa = PBXFileReference; fileEncoding = 4; lastKnownFileType = sourcecode.c.objc; path = NextMetroStationStore.m; sourceTree = "<group>"; };
		14EE091B1831C77900EBA22F /* NextMetroStation.h */ = {isa = PBXFileReference; fileEncoding = 4; lastKnownFileType = sourcecode.c.h; path = NextMetroStation.h; sourceTree = "<group>"; };
		14EE091C1831C77900EBA22F /* NextMetroStation.m */ = {isa = PBXFileReference; fileEncoding = 4; lastKnownFileType = sourcecode.c.objc; path = NextMetroStation.m; sourceTree = "<group>"; };
		14EE091E1831CAD100EBA22F /* NextMetroTrain.h */ = {isa = PBXFileReference; fileEncoding = 4; lastKnownFileType = sourcecode.c.h; path = NextMetroTrain.h; sourceTree = "<group>"; };
		14EE091F1831CAD100EBA22F /* NextMetroTrain.m */ = {isa = PBXFileReference; fileEncoding = 4; lastKnownFileType = sourcecode.c.objc; path = NextMetroTrain.m; sourceTree = "<group>"; };
/* End PBXFileReference section */

/* Begin PBXFrameworksBuildPhase section */
		143E6E8D17F528BE00FCC26C /* Frameworks */ = {
			isa = PBXFrameworksBuildPhase;
			buildActionMask = 2147483647;
			files = (
				1452795A17FBBF7800AC912F /* CoreLocation.framework in Frameworks */,
				143E6ED117FA73FF00FCC26C /* AudioToolbox.framework in Frameworks */,
				143E6E9417F528BE00FCC26C /* UIKit.framework in Frameworks */,
				143E6E9617F528BE00FCC26C /* Foundation.framework in Frameworks */,
				143E6E9817F528BE00FCC26C /* CoreGraphics.framework in Frameworks */,
			);
			runOnlyForDeploymentPostprocessing = 0;
		};
		143E6EB217F528BE00FCC26C /* Frameworks */ = {
			isa = PBXFrameworksBuildPhase;
			buildActionMask = 2147483647;
			files = (
				14BBD44B18334EEF00A351F4 /* CoreGraphics.framework in Frameworks */,
				14EE0700182C959C00EBA22F /* CoreLocation.framework in Frameworks */,
				143E6EB817F528BE00FCC26C /* SenTestingKit.framework in Frameworks */,
				143E6EB917F528BE00FCC26C /* UIKit.framework in Frameworks */,
				143E6EBA17F528BE00FCC26C /* Foundation.framework in Frameworks */,
			);
			runOnlyForDeploymentPostprocessing = 0;
		};
/* End PBXFrameworksBuildPhase section */

/* Begin PBXGroup section */
		143E6E8717F528BE00FCC26C = {
			isa = PBXGroup;
			children = (
				1452795917FBBF7800AC912F /* CoreLocation.framework */,
				143E6ED017FA73FF00FCC26C /* AudioToolbox.framework */,
				143E6E9917F528BE00FCC26C /* NextMetroSTL */,
				143E6EBD17F528BE00FCC26C /* NextMetroSTLTests */,
				143E6E9217F528BE00FCC26C /* Frameworks */,
				143E6E9117F528BE00FCC26C /* Products */,
			);
			sourceTree = "<group>";
		};
		143E6E9117F528BE00FCC26C /* Products */ = {
			isa = PBXGroup;
			children = (
				143E6E9017F528BE00FCC26C /* NextMetroSTL.app */,
				143E6EB617F528BE00FCC26C /* NextMetroSTLTests.octest */,
			);
			name = Products;
			sourceTree = "<group>";
		};
		143E6E9217F528BE00FCC26C /* Frameworks */ = {
			isa = PBXGroup;
			children = (
				143E6E9317F528BE00FCC26C /* UIKit.framework */,
				143E6E9517F528BE00FCC26C /* Foundation.framework */,
				143E6E9717F528BE00FCC26C /* CoreGraphics.framework */,
				143E6EB717F528BE00FCC26C /* SenTestingKit.framework */,
			);
			name = Frameworks;
			sourceTree = "<group>";
		};
		143E6E9917F528BE00FCC26C /* NextMetroSTL */ = {
			isa = PBXGroup;
			children = (
				143E6EA217F528BE00FCC26C /* NextMetroAppDelegate.h */,
				143E6EA317F528BE00FCC26C /* NextMetroAppDelegate.m */,
				143E6EAB17F528BE00FCC26C /* NextMetroViewController.h */,
				143E6EAC17F528BE00FCC26C /* NextMetroViewController.m */,
				143E6EAE17F528BE00FCC26C /* NextMetroViewController.xib */,
				143E6E9A17F528BE00FCC26C /* Supporting Files */,
				14EE09181831C50700EBA22F /* NextMetroStationStore.h */,
				14EE09191831C50700EBA22F /* NextMetroStationStore.m */,
				14EE091B1831C77900EBA22F /* NextMetroStation.h */,
				14EE091C1831C77900EBA22F /* NextMetroStation.m */,
				14EE091E1831CAD100EBA22F /* NextMetroTrain.h */,
				14EE091F1831CAD100EBA22F /* NextMetroTrain.m */,
			);
			path = NextMetroSTL;
			sourceTree = "<group>";
		};
		143E6E9A17F528BE00FCC26C /* Supporting Files */ = {
			isa = PBXGroup;
			children = (
				14BBD44C18334FA000A351F4 /* MainStoryboard.storyboard */,
				14EE0762182CAC5400EBA22F /* 5th_missouri.csv */,
				14EE0763182CAC5400EBA22F /* 8th_pine.csv */,
				14EE0764182CAC5400EBA22F /* arch_lacledes.csv */,
				14EE0765182CAC5400EBA22F /* belleville.csv */,
				14EE0766182CAC5400EBA22F /* brentwood.csv */,
				14EE0767182CAC5400EBA22F /* central_west_end.csv */,
				14EE0768182CAC5400EBA22F /* civic_center.csv */,
				14EE0769182CAC5400EBA22F /* clayton.csv */,
				14EE076A182CAC5400EBA22F /* college.csv */,
				14EE076B182CAC5400EBA22F /* convention_center.csv */,
				14EE076C182CAC5400EBA22F /* delmar.csv */,
				14EE076D182CAC5400EBA22F /* east_riverfront.csv */,
				14EE076E182CAC5400EBA22F /* emerson_park.csv */,
				14EE076F182CAC5400EBA22F /* fairview_heights.csv */,
				14EE0770182CAC5400EBA22F /* forest_park.csv */,
				14EE0771182CAC5400EBA22F /* forsyth.csv */,
				14EE0772182CAC5400EBA22F /* grand.csv */,
				14EE0773182CAC5400EBA22F /* jjk_center.csv */,
				14EE0774182CAC5400EBA22F /* lambert_east.csv */,
				14EE0775182CAC5400EBA22F /* lambert_main.csv */,
				14EE0776182CAC5400EBA22F /* maplewood.csv */,
				14EE0777182CAC5400EBA22F /* memorial_hospital.csv */,
				14EE0778182CAC5400EBA22F /* north_hanley.csv */,
				14EE0779182CAC5400EBA22F /* richmond_heights.csv */,
				14EE077A182CAC5400EBA22F /* rockroad.csv */,
				14EE077B182CAC5400EBA22F /* shiloh_scott.csv */,
				14EE077C182CAC5400EBA22F /* skinker.csv */,
				14EE077D182CAC5400EBA22F /* stadium.csv */,
				14EE077E182CAC5500EBA22F /* sunnen.csv */,
				14EE077F182CAC5500EBA22F /* swansea.csv */,
				14EE0780182CAC5500EBA22F /* umsl_north.csv */,
				14EE0781182CAC5500EBA22F /* umsl_south.csv */,
				14EE0782182CAC5500EBA22F /* union_station.csv */,
				14EE0783182CAC5500EBA22F /* washington_park.csv */,
				14EE0784182CAC5500EBA22F /* wellston.csv */,
				1452795B17FBC94B00AC912F /* stations.csv */,
				143E6ED217FA7E5900FCC26C /* shrewsbury.csv */,
				143E6ECE17FA6DAD00FCC26C /* music_noise.wav */,
				143E6E9B17F528BE00FCC26C /* NextMetroSTL-Info.plist */,
				143E6E9C17F528BE00FCC26C /* InfoPlist.strings */,
				143E6E9F17F528BE00FCC26C /* main.m */,
				143E6EA117F528BE00FCC26C /* NextMetroSTL-Prefix.pch */,
				143E6EA517F528BE00FCC26C /* Default.png */,
				143E6EA717F528BE00FCC26C /* Default@2x.png */,
				143E6EA917F528BE00FCC26C /* Default-568h@2x.png */,
			);
			name = "Supporting Files";
			sourceTree = "<group>";
		};
		143E6EBD17F528BE00FCC26C /* NextMetroSTLTests */ = {
			isa = PBXGroup;
			children = (
				143E6EC317F528BE00FCC26C /* NextMetroSTLTests.h */,
				143E6EC417F528BE00FCC26C /* NextMetroSTLTests.m */,
				143E6EBE17F528BE00FCC26C /* Supporting Files */,
			);
			path = NextMetroSTLTests;
			sourceTree = "<group>";
		};
		143E6EBE17F528BE00FCC26C /* Supporting Files */ = {
			isa = PBXGroup;
			children = (
				143E6EBF17F528BE00FCC26C /* NextMetroSTLTests-Info.plist */,
				143E6EC017F528BE00FCC26C /* InfoPlist.strings */,
			);
			name = "Supporting Files";
			sourceTree = "<group>";
		};
/* End PBXGroup section */

/* Begin PBXNativeTarget section */
		143E6E8F17F528BE00FCC26C /* NextMetroSTL */ = {
			isa = PBXNativeTarget;
			buildConfigurationList = 143E6EC817F528BE00FCC26C /* Build configuration list for PBXNativeTarget "NextMetroSTL" */;
			buildPhases = (
				143E6E8C17F528BE00FCC26C /* Sources */,
				143E6E8D17F528BE00FCC26C /* Frameworks */,
				143E6E8E17F528BE00FCC26C /* Resources */,
			);
			buildRules = (
			);
			dependencies = (
			);
			name = NextMetroSTL;
			productName = NextMetroSTL;
			productReference = 143E6E9017F528BE00FCC26C /* NextMetroSTL.app */;
			productType = "com.apple.product-type.application";
		};
		143E6EB517F528BE00FCC26C /* NextMetroSTLTests */ = {
			isa = PBXNativeTarget;
			buildConfigurationList = 143E6ECB17F528BE00FCC26C /* Build configuration list for PBXNativeTarget "NextMetroSTLTests" */;
			buildPhases = (
				143E6EB117F528BE00FCC26C /* Sources */,
				143E6EB217F528BE00FCC26C /* Frameworks */,
				143E6EB317F528BE00FCC26C /* Resources */,
				143E6EB417F528BE00FCC26C /* ShellScript */,
			);
			buildRules = (
			);
			dependencies = (
				143E6EBC17F528BE00FCC26C /* PBXTargetDependency */,
			);
			name = NextMetroSTLTests;
			productName = NextMetroSTLTests;
			productReference = 143E6EB617F528BE00FCC26C /* NextMetroSTLTests.octest */;
			productType = "com.apple.product-type.bundle";
		};
/* End PBXNativeTarget section */

/* Begin PBXProject section */
		143E6E8817F528BE00FCC26C /* Project object */ = {
			isa = PBXProject;
			attributes = {
				CLASSPREFIX = NextMetro;
				LastUpgradeCheck = 0460;
				ORGANIZATIONNAME = com.menne;
			};
			buildConfigurationList = 143E6E8B17F528BE00FCC26C /* Build configuration list for PBXProject "NextMetroSTL" */;
			compatibilityVersion = "Xcode 3.2";
			developmentRegion = English;
			hasScannedForEncodings = 0;
			knownRegions = (
				en,
			);
			mainGroup = 143E6E8717F528BE00FCC26C;
			productRefGroup = 143E6E9117F528BE00FCC26C /* Products */;
			projectDirPath = "";
			projectRoot = "";
			targets = (
				143E6E8F17F528BE00FCC26C /* NextMetroSTL */,
				143E6EB517F528BE00FCC26C /* NextMetroSTLTests */,
			);
		};
/* End PBXProject section */

/* Begin PBXResourcesBuildPhase section */
		143E6E8E17F528BE00FCC26C /* Resources */ = {
			isa = PBXResourcesBuildPhase;
			buildActionMask = 2147483647;
			files = (
				143E6E9E17F528BE00FCC26C /* InfoPlist.strings in Resources */,
				143E6EA617F528BE00FCC26C /* Default.png in Resources */,
				143E6EA817F528BE00FCC26C /* Default@2x.png in Resources */,
				143E6EAA17F528BE00FCC26C /* Default-568h@2x.png in Resources */,
				143E6EB017F528BE00FCC26C /* NextMetroViewController.xib in Resources */,
				143E6ECF17FA6DAD00FCC26C /* music_noise.wav in Resources */,
				143E6ED317FA7E5900FCC26C /* shrewsbury.csv in Resources */,
				1452795C17FBC94B00AC912F /* stations.csv in Resources */,
				14EE0785182CAC5500EBA22F /* 5th_missouri.csv in Resources */,
				14EE0786182CAC5500EBA22F /* 8th_pine.csv in Resources */,
				14EE0787182CAC5500EBA22F /* arch_lacledes.csv in Resources */,
				14EE0788182CAC5500EBA22F /* belleville.csv in Resources */,
				14EE0789182CAC5500EBA22F /* brentwood.csv in Resources */,
				14EE078A182CAC5500EBA22F /* central_west_end.csv in Resources */,
				14EE078B182CAC5500EBA22F /* civic_center.csv in Resources */,
				14EE078C182CAC5500EBA22F /* clayton.csv in Resources */,
				14EE078D182CAC5500EBA22F /* college.csv in Resources */,
				14EE078E182CAC5500EBA22F /* convention_center.csv in Resources */,
				14EE078F182CAC5500EBA22F /* delmar.csv in Resources */,
				14EE0790182CAC5500EBA22F /* east_riverfront.csv in Resources */,
				14EE0791182CAC5500EBA22F /* emerson_park.csv in Resources */,
				14EE0792182CAC5500EBA22F /* fairview_heights.csv in Resources */,
				14EE0793182CAC5500EBA22F /* forest_park.csv in Resources */,
				14EE0794182CAC5500EBA22F /* forsyth.csv in Resources */,
				14EE0795182CAC5500EBA22F /* grand.csv in Resources */,
				14EE0796182CAC5500EBA22F /* jjk_center.csv in Resources */,
				14EE0797182CAC5500EBA22F /* lambert_east.csv in Resources */,
				14EE0798182CAC5500EBA22F /* lambert_main.csv in Resources */,
				14EE0799182CAC5500EBA22F /* maplewood.csv in Resources */,
				14EE079A182CAC5500EBA22F /* memorial_hospital.csv in Resources */,
				14EE079B182CAC5500EBA22F /* north_hanley.csv in Resources */,
				14EE079C182CAC5500EBA22F /* richmond_heights.csv in Resources */,
				14EE079D182CAC5500EBA22F /* rockroad.csv in Resources */,
				14EE079E182CAC5500EBA22F /* shiloh_scott.csv in Resources */,
				14EE079F182CAC5500EBA22F /* skinker.csv in Resources */,
				14EE07A0182CAC5500EBA22F /* stadium.csv in Resources */,
				14EE07A1182CAC5500EBA22F /* sunnen.csv in Resources */,
				14EE07A2182CAC5500EBA22F /* swansea.csv in Resources */,
				14EE07A3182CAC5500EBA22F /* umsl_north.csv in Resources */,
				14EE07A4182CAC5500EBA22F /* umsl_south.csv in Resources */,
				14EE07A5182CAC5500EBA22F /* union_station.csv in Resources */,
				14EE07A6182CAC5500EBA22F /* washington_park.csv in Resources */,
				14EE07A7182CAC5500EBA22F /* wellston.csv in Resources */,
				14BBD44E18334FA000A351F4 /* MainStoryboard.storyboard in Resources */,
			);
			runOnlyForDeploymentPostprocessing = 0;
		};
		143E6EB317F528BE00FCC26C /* Resources */ = {
			isa = PBXResourcesBuildPhase;
			buildActionMask = 2147483647;
			files = (
				143E6EC217F528BE00FCC26C /* InfoPlist.strings in Resources */,
			);
			runOnlyForDeploymentPostprocessing = 0;
		};
/* End PBXResourcesBuildPhase section */

/* Begin PBXShellScriptBuildPhase section */
		143E6EB417F528BE00FCC26C /* ShellScript */ = {
			isa = PBXShellScriptBuildPhase;
			buildActionMask = 2147483647;
			files = (
			);
			inputPaths = (
			);
			outputPaths = (
			);
			runOnlyForDeploymentPostprocessing = 0;
			shellPath = /bin/sh;
			shellScript = "# Run the unit tests in this test bundle.\n\"${SYSTEM_DEVELOPER_DIR}/Tools/RunUnitTests\"\n";
		};
/* End PBXShellScriptBuildPhase section */

/* Begin PBXSourcesBuildPhase section */
		143E6E8C17F528BE00FCC26C /* Sources */ = {
			isa = PBXSourcesBuildPhase;
			buildActionMask = 2147483647;
			files = (
				143E6EA017F528BE00FCC26C /* main.m in Sources */,
				143E6EA417F528BE00FCC26C /* NextMetroAppDelegate.m in Sources */,
				143E6EAD17F528BE00FCC26C /* NextMetroViewController.m in Sources */,
				14EE091A1831C50700EBA22F /* NextMetroStationStore.m in Sources */,
				14EE091D1831C77900EBA22F /* NextMetroStation.m in Sources */,
				14EE09201831CAD100EBA22F /* NextMetroTrain.m in Sources */,
			);
			runOnlyForDeploymentPostprocessing = 0;
		};
		143E6EB117F528BE00FCC26C /* Sources */ = {
			isa = PBXSourcesBuildPhase;
			buildActionMask = 2147483647;
			files = (
				143E6EC517F528BE00FCC26C /* NextMetroSTLTests.m in Sources */,
			);
			runOnlyForDeploymentPostprocessing = 0;
		};
/* End PBXSourcesBuildPhase section */

/* Begin PBXTargetDependency section */
		143E6EBC17F528BE00FCC26C /* PBXTargetDependency */ = {
			isa = PBXTargetDependency;
			target = 143E6E8F17F528BE00FCC26C /* NextMetroSTL */;
			targetProxy = 143E6EBB17F528BE00FCC26C /* PBXContainerItemProxy */;
		};
/* End PBXTargetDependency section */

/* Begin PBXVariantGroup section */
		143E6E9C17F528BE00FCC26C /* InfoPlist.strings */ = {
			isa = PBXVariantGroup;
			children = (
				143E6E9D17F528BE00FCC26C /* en */,
			);
			name = InfoPlist.strings;
			sourceTree = "<group>";
		};
		143E6EAE17F528BE00FCC26C /* NextMetroViewController.xib */ = {
			isa = PBXVariantGroup;
			children = (
				143E6EAF17F528BE00FCC26C /* en */,
			);
			name = NextMetroViewController.xib;
			sourceTree = "<group>";
		};
		143E6EC017F528BE00FCC26C /* InfoPlist.strings */ = {
			isa = PBXVariantGroup;
			children = (
				143E6EC117F528BE00FCC26C /* en */,
			);
			name = InfoPlist.strings;
			sourceTree = "<group>";
		};
		14BBD44C18334FA000A351F4 /* MainStoryboard.storyboard */ = {
			isa = PBXVariantGroup;
			children = (
				14BBD44D18334FA000A351F4 /* en */,
			);
			name = MainStoryboard.storyboard;
			sourceTree = "<group>";
		};
/* End PBXVariantGroup section */

/* Begin XCBuildConfiguration section */
		143E6EC617F528BE00FCC26C /* Debug */ = {
			isa = XCBuildConfiguration;
			buildSettings = {
				ALWAYS_SEARCH_USER_PATHS = NO;
				CLANG_CXX_LANGUAGE_STANDARD = "gnu++0x";
				CLANG_CXX_LIBRARY = "libc++";
				CLANG_ENABLE_OBJC_ARC = YES;
				CLANG_WARN_CONSTANT_CONVERSION = YES;
				CLANG_WARN_EMPTY_BODY = YES;
				CLANG_WARN_ENUM_CONVERSION = YES;
				CLANG_WARN_INT_CONVERSION = YES;
				CLANG_WARN__DUPLICATE_METHOD_MATCH = YES;
				"CODE_SIGN_IDENTITY[sdk=iphoneos*]" = "iPhone Developer";
				COPY_PHASE_STRIP = NO;
				GCC_C_LANGUAGE_STANDARD = gnu99;
				GCC_DYNAMIC_NO_PIC = NO;
				GCC_OPTIMIZATION_LEVEL = 0;
				GCC_PREPROCESSOR_DEFINITIONS = (
					"DEBUG=1",
					"$(inherited)",
				);
				GCC_SYMBOLS_PRIVATE_EXTERN = NO;
				GCC_WARN_ABOUT_RETURN_TYPE = YES;
				GCC_WARN_UNINITIALIZED_AUTOS = YES;
				GCC_WARN_UNUSED_VARIABLE = YES;
				IPHONEOS_DEPLOYMENT_TARGET = 6.1;
				ONLY_ACTIVE_ARCH = YES;
				SDKROOT = iphoneos;
			};
			name = Debug;
		};
		143E6EC717F528BE00FCC26C /* Release */ = {
			isa = XCBuildConfiguration;
			buildSettings = {
				ALWAYS_SEARCH_USER_PATHS = NO;
				CLANG_CXX_LANGUAGE_STANDARD = "gnu++0x";
				CLANG_CXX_LIBRARY = "libc++";
				CLANG_ENABLE_OBJC_ARC = YES;
				CLANG_WARN_CONSTANT_CONVERSION = YES;
				CLANG_WARN_EMPTY_BODY = YES;
				CLANG_WARN_ENUM_CONVERSION = YES;
				CLANG_WARN_INT_CONVERSION = YES;
				CLANG_WARN__DUPLICATE_METHOD_MATCH = YES;
				"CODE_SIGN_IDENTITY[sdk=iphoneos*]" = "iPhone Developer";
				COPY_PHASE_STRIP = YES;
				GCC_C_LANGUAGE_STANDARD = gnu99;
				GCC_WARN_ABOUT_RETURN_TYPE = YES;
				GCC_WARN_UNINITIALIZED_AUTOS = YES;
				GCC_WARN_UNUSED_VARIABLE = YES;
				IPHONEOS_DEPLOYMENT_TARGET = 6.1;
				OTHER_CFLAGS = "-DNS_BLOCK_ASSERTIONS=1";
				SDKROOT = iphoneos;
				VALIDATE_PRODUCT = YES;
			};
			name = Release;
		};
		143E6EC917F528BE00FCC26C /* Debug */ = {
			isa = XCBuildConfiguration;
			buildSettings = {
				GCC_PRECOMPILE_PREFIX_HEADER = YES;
				GCC_PREFIX_HEADER = "NextMetroSTL/NextMetroSTL-Prefix.pch";
				INFOPLIST_FILE = "NextMetroSTL/NextMetroSTL-Info.plist";
				PRODUCT_NAME = "$(TARGET_NAME)";
				WRAPPER_EXTENSION = app;
			};
			name = Debug;
		};
		143E6ECA17F528BE00FCC26C /* Release */ = {
			isa = XCBuildConfiguration;
			buildSettings = {
				GCC_PRECOMPILE_PREFIX_HEADER = YES;
				GCC_PREFIX_HEADER = "NextMetroSTL/NextMetroSTL-Prefix.pch";
				INFOPLIST_FILE = "NextMetroSTL/NextMetroSTL-Info.plist";
				PRODUCT_NAME = "$(TARGET_NAME)";
				WRAPPER_EXTENSION = app;
			};
			name = Release;
		};
		143E6ECC17F528BE00FCC26C /* Debug */ = {
			isa = XCBuildConfiguration;
			buildSettings = {
				BUNDLE_LOADER = "$(BUILT_PRODUCTS_DIR)/NextMetroSTL.app/NextMetroSTL";
				FRAMEWORK_SEARCH_PATHS = (
					"\"$(SDKROOT)/Developer/Library/Frameworks\"",
					"\"$(DEVELOPER_LIBRARY_DIR)/Frameworks\"",
				);
				GCC_PRECOMPILE_PREFIX_HEADER = YES;
				GCC_PREFIX_HEADER = "NextMetroSTL/NextMetroSTL-Prefix.pch";
				INFOPLIST_FILE = "NextMetroSTLTests/NextMetroSTLTests-Info.plist";
				PRODUCT_NAME = "$(TARGET_NAME)";
				TEST_HOST = "$(BUNDLE_LOADER)";
				WRAPPER_EXTENSION = octest;
			};
			name = Debug;
		};
		143E6ECD17F528BE00FCC26C /* Release */ = {
			isa = XCBuildConfiguration;
			buildSettings = {
				BUNDLE_LOADER = "$(BUILT_PRODUCTS_DIR)/NextMetroSTL.app/NextMetroSTL";
				FRAMEWORK_SEARCH_PATHS = (
					"\"$(SDKROOT)/Developer/Library/Frameworks\"",
					"\"$(DEVELOPER_LIBRARY_DIR)/Frameworks\"",
				);
				GCC_PRECOMPILE_PREFIX_HEADER = YES;
				GCC_PREFIX_HEADER = "NextMetroSTL/NextMetroSTL-Prefix.pch";
				INFOPLIST_FILE = "NextMetroSTLTests/NextMetroSTLTests-Info.plist";
				PRODUCT_NAME = "$(TARGET_NAME)";
				TEST_HOST = "$(BUNDLE_LOADER)";
				WRAPPER_EXTENSION = octest;
			};
			name = Release;
		};
/* End XCBuildConfiguration section */

/* Begin XCConfigurationList section */
		143E6E8B17F528BE00FCC26C /* Build configuration list for PBXProject "NextMetroSTL" */ = {
			isa = XCConfigurationList;
			buildConfigurations = (
				143E6EC617F528BE00FCC26C /* Debug */,
				143E6EC717F528BE00FCC26C /* Release */,
			);
			defaultConfigurationIsVisible = 0;
			defaultConfigurationName = Release;
		};
		143E6EC817F528BE00FCC26C /* Build configuration list for PBXNativeTarget "NextMetroSTL" */ = {
			isa = XCConfigurationList;
			buildConfigurations = (
				143E6EC917F528BE00FCC26C /* Debug */,
				143E6ECA17F528BE00FCC26C /* Release */,
			);
			defaultConfigurationIsVisible = 0;
			defaultConfigurationName = Release;
		};
		143E6ECB17F528BE00FCC26C /* Build configuration list for PBXNativeTarget "NextMetroSTLTests" */ = {
			isa = XCConfigurationList;
			buildConfigurations = (
				143E6ECC17F528BE00FCC26C /* Debug */,
				143E6ECD17F528BE00FCC26C /* Release */,
			);
			defaultConfigurationIsVisible = 0;
			defaultConfigurationName = Release;
		};
/* End XCConfigurationList section */
	};
	rootObject = 143E6E8817F528BE00FCC26C /* Project object */;
}
